// !$*UTF8*$!
{
	archiveVersion = 1;
	classes = {
	};
	objectVersion = 46;
	objects = {

/* Begin PBXBuildFile section */
		3D49B32528D108AA632DA741 /* Pods_PLANiTTests.framework in Frameworks */ = {isa = PBXBuildFile; fileRef = 6225C131F059937BCE08AEF8 /* Pods_PLANiTTests.framework */; };
		8D134FA50DD803F896EAD23C /* Pods_PLANiT.framework in Frameworks */ = {isa = PBXBuildFile; fileRef = 96E50284AD7DB850082E94AC /* Pods_PLANiT.framework */; };
		9C028397A605A07ED9DC3377 /* Pods_PLANiTUITests.framework in Frameworks */ = {isa = PBXBuildFile; fileRef = A90B09B1AD10495DD37218F6 /* Pods_PLANiTUITests.framework */; };
		FA2D13C21E21A13F008CE66A /* Main.storyboard in Resources */ = {isa = PBXBuildFile; fileRef = FA2D13C01E21A13F008CE66A /* Main.storyboard */; };
		FA2D13C51E21A2A9008CE66A /* CustomKolodaView.swift in Sources */ = {isa = PBXBuildFile; fileRef = FA2D13C41E21A2A9008CE66A /* CustomKolodaView.swift */; };
		FA2D13C91E21A646008CE66A /* OverlayView.xib in Resources */ = {isa = PBXBuildFile; fileRef = FA2D13C71E21A646008CE66A /* OverlayView.xib */; };
		FA2D13CA1E21A646008CE66A /* CustomOverlayView.xib in Resources */ = {isa = PBXBuildFile; fileRef = FA2D13C81E21A646008CE66A /* CustomOverlayView.xib */; };
		FA2D13CF1E21A664008CE66A /* BackgroundAnimationViewController.swift in Sources */ = {isa = PBXBuildFile; fileRef = FA2D13CB1E21A664008CE66A /* BackgroundAnimationViewController.swift */; };
		FA2D13D01E21A664008CE66A /* BackgroundKolodaAnimator.swift in Sources */ = {isa = PBXBuildFile; fileRef = FA2D13CC1E21A664008CE66A /* BackgroundKolodaAnimator.swift */; };
		FA2D13D11E21A664008CE66A /* ExampleOverlayView.swift in Sources */ = {isa = PBXBuildFile; fileRef = FA2D13CD1E21A664008CE66A /* ExampleOverlayView.swift */; };
		FA2D13D21E21A664008CE66A /* CustomOverlayView.swift in Sources */ = {isa = PBXBuildFile; fileRef = FA2D13CE1E21A664008CE66A /* CustomOverlayView.swift */; };
		FA2D13D41E22C6C9008CE66A /* rankedRecommendationsTableViewCell.swift in Sources */ = {isa = PBXBuildFile; fileRef = FA2D13D31E22C6C8008CE66A /* rankedRecommendationsTableViewCell.swift */; };
		FA2D13D61E233C17008CE66A /* itemizedItineraryTableViewCell.swift in Sources */ = {isa = PBXBuildFile; fileRef = FA2D13D51E233C17008CE66A /* itemizedItineraryTableViewCell.swift */; };
		FA5058D61E2F25CB000C6887 /* timeOfDayTableViewCell.swift in Sources */ = {isa = PBXBuildFile; fileRef = FA5058D51E2F25CB000C6887 /* timeOfDayTableViewCell.swift */; };
		FA5A15621DB14E1200D70483 /* RecommedationSwipingViewController.swift in Sources */ = {isa = PBXBuildFile; fileRef = FA5A15611DB14E1200D70483 /* RecommedationSwipingViewController.swift */; };
		FA93E57A1DAC53F400631767 /* EmailViewController.swift in Sources */ = {isa = PBXBuildFile; fileRef = FA93E5791DAC53F400631767 /* EmailViewController.swift */; };
		FA9599FC1E063E4600D1B7D6 /* RankingViewController.swift in Sources */ = {isa = PBXBuildFile; fileRef = FA9599FB1E063E4500D1B7D6 /* RankingViewController.swift */; };
		FAA280321E141F8F0058F8B7 /* ContactsViewController.swift in Sources */ = {isa = PBXBuildFile; fileRef = FAA280311E141F8F0058F8B7 /* ContactsViewController.swift */; };
		FAA280341E1426180058F8B7 /* InstructionsViewController.swift in Sources */ = {isa = PBXBuildFile; fileRef = FAA280331E1426180058F8B7 /* InstructionsViewController.swift */; };
		FAA280361E1445F90058F8B7 /* HomeAirportViewController.swift in Sources */ = {isa = PBXBuildFile; fileRef = FAA280351E1445F90058F8B7 /* HomeAirportViewController.swift */; };
		FAA280381E1455AF0058F8B7 /* SuggestDestinationViewController.swift in Sources */ = {isa = PBXBuildFile; fileRef = FAA280371E1455AF0058F8B7 /* SuggestDestinationViewController.swift */; };
		FAA68BC41DECF368000FB313 /* ExistingTripTableViewCell.swift in Sources */ = {isa = PBXBuildFile; fileRef = FAA68BC31DECF368000FB313 /* ExistingTripTableViewCell.swift */; };
		FAB03C021E256D0300F77BD6 /* CellView.xib in Resources */ = {isa = PBXBuildFile; fileRef = FAB03C011E256D0300F77BD6 /* CellView.xib */; };
		FAB03C041E256D8600F77BD6 /* CellView.swift in Sources */ = {isa = PBXBuildFile; fileRef = FAB03C031E256D8600F77BD6 /* CellView.swift */; };
		FAB03C061E259FFD00F77BD6 /* monthHeaderView.xib in Resources */ = {isa = PBXBuildFile; fileRef = FAB03C051E259FFD00F77BD6 /* monthHeaderView.xib */; };
		FAB03C081E25A02700F77BD6 /* monthHeaderView.swift in Sources */ = {isa = PBXBuildFile; fileRef = FAB03C071E25A02700F77BD6 /* monthHeaderView.swift */; };
		FAB03C0A1E26CC4500F77BD6 /* contactsTableViewCell.swift in Sources */ = {isa = PBXBuildFile; fileRef = FAB03C091E26CC4500F77BD6 /* contactsTableViewCell.swift */; };
		FAB03C0F1E287FFB00F77BD6 /* contactsCollectionViewCell.swift in Sources */ = {isa = PBXBuildFile; fileRef = FAB03C0E1E287FFB00F77BD6 /* contactsCollectionViewCell.swift */; };
		FAC95ED41DAD70AC006CD790 /* TripListViewController.swift in Sources */ = {isa = PBXBuildFile; fileRef = FAC95ED31DAD70AC006CD790 /* TripListViewController.swift */; };
		FAD5F4861E1EDB2A0031C3DC /* ActivitiesCollectionViewCell.swift in Sources */ = {isa = PBXBuildFile; fileRef = FAD5F4851E1EDB2A0031C3DC /* ActivitiesCollectionViewCell.swift */; };
		FAD5F4881E1EEC710031C3DC /* ActivityItem.swift in Sources */ = {isa = PBXBuildFile; fileRef = FAD5F4871E1EEC710031C3DC /* ActivityItem.swift */; };
		FAD5F48C1E1F01B80031C3DC /* items.plist in Resources */ = {isa = PBXBuildFile; fileRef = FAD5F48B1E1F01B80031C3DC /* items.plist */; };
		FAD890411DB5C18800753FC9 /* BudgetViewController.swift in Sources */ = {isa = PBXBuildFile; fileRef = FAD890401DB5C18800753FC9 /* BudgetViewController.swift */; };
		FAD890431DB5C1AD00753FC9 /* InternationalViewController.swift in Sources */ = {isa = PBXBuildFile; fileRef = FAD890421DB5C1AD00753FC9 /* InternationalViewController.swift */; };
		FAD890451DB5C21400753FC9 /* ActivitiesViewController.swift in Sources */ = {isa = PBXBuildFile; fileRef = FAD890441DB5C21400753FC9 /* ActivitiesViewController.swift */; };
		FAD890471DB5C25000753FC9 /* BirthdayGenderViewController.swift in Sources */ = {isa = PBXBuildFile; fileRef = FAD890461DB5C25000753FC9 /* BirthdayGenderViewController.swift */; };
		FAD890491DB5C27800753FC9 /* CalendarViewController.swift in Sources */ = {isa = PBXBuildFile; fileRef = FAD890481DB5C27800753FC9 /* CalendarViewController.swift */; };
		FAD8904B1DB5C2AF00753FC9 /* NewTripNameViewController.swift in Sources */ = {isa = PBXBuildFile; fileRef = FAD8904A1DB5C2AF00753FC9 /* NewTripNameViewController.swift */; };
		FAD8904F1DB70AE700753FC9 /* DataContainerSingleton.swift in Sources */ = {isa = PBXBuildFile; fileRef = FAD8904E1DB70AE700753FC9 /* DataContainerSingleton.swift */; };
		FAE518181DB1920D00177731 /* SettingsViewController.swift in Sources */ = {isa = PBXBuildFile; fileRef = FAE518171DB1920D00177731 /* SettingsViewController.swift */; };
		FAEF024F1DB5828800D4EF78 /* ReviewAndBookViewController.swift in Sources */ = {isa = PBXBuildFile; fileRef = FAEF024E1DB5828800D4EF78 /* ReviewAndBookViewController.swift */; };
		FAF533C21DA604EC00BBE2C7 /* AppDelegate.swift in Sources */ = {isa = PBXBuildFile; fileRef = FAF533C11DA604EC00BBE2C7 /* AppDelegate.swift */; };
		FAF533C41DA604EC00BBE2C7 /* PasswordViewController.swift in Sources */ = {isa = PBXBuildFile; fileRef = FAF533C31DA604EC00BBE2C7 /* PasswordViewController.swift */; };
		FAF533C91DA604EC00BBE2C7 /* Assets.xcassets in Resources */ = {isa = PBXBuildFile; fileRef = FAF533C81DA604EC00BBE2C7 /* Assets.xcassets */; };
		FAF533CC1DA604EC00BBE2C7 /* LaunchScreen.storyboard in Resources */ = {isa = PBXBuildFile; fileRef = FAF533CA1DA604EC00BBE2C7 /* LaunchScreen.storyboard */; };
		FAF533D71DA604EC00BBE2C7 /* PLANiTTests.swift in Sources */ = {isa = PBXBuildFile; fileRef = FAF533D61DA604EC00BBE2C7 /* PLANiTTests.swift */; };
		FAF533E21DA604EC00BBE2C7 /* PLANiTUITests.swift in Sources */ = {isa = PBXBuildFile; fileRef = FAF533E11DA604EC00BBE2C7 /* PLANiTUITests.swift */; };
		FAFE837A1E0736B900062A12 /* API.swift in Sources */ = {isa = PBXBuildFile; fileRef = FAFE83791E0736B900062A12 /* API.swift */; };
		FAFE837C1E0737D100062A12 /* CreateNewUser.graphql in Resources */ = {isa = PBXBuildFile; fileRef = FAFE837B1E0737D100062A12 /* CreateNewUser.graphql */; };
		FAFE83811E07399200062A12 /* GetTrip.graphql in Resources */ = {isa = PBXBuildFile; fileRef = FAFE83801E07399200062A12 /* GetTrip.graphql */; };
/* End PBXBuildFile section */

/* Begin PBXContainerItemProxy section */
		FAF533D31DA604EC00BBE2C7 /* PBXContainerItemProxy */ = {
			isa = PBXContainerItemProxy;
			containerPortal = FAF533B61DA604EC00BBE2C7 /* Project object */;
			proxyType = 1;
			remoteGlobalIDString = FAF533BD1DA604EC00BBE2C7;
			remoteInfo = PLANiT;
		};
		FAF533DE1DA604EC00BBE2C7 /* PBXContainerItemProxy */ = {
			isa = PBXContainerItemProxy;
			containerPortal = FAF533B61DA604EC00BBE2C7 /* Project object */;
			proxyType = 1;
			remoteGlobalIDString = FAF533BD1DA604EC00BBE2C7;
			remoteInfo = PLANiT;
		};
		FAFE83941E0743E700062A12 /* PBXContainerItemProxy */ = {
			isa = PBXContainerItemProxy;
			containerPortal = FAFE838A1E0743E700062A12 /* Apollo.xcodeproj */;
			proxyType = 2;
			remoteGlobalIDString = 9FC750441D2A532C00458D91;
			remoteInfo = "Apollo iOS";
		};
		FAFE83961E0743E700062A12 /* PBXContainerItemProxy */ = {
			isa = PBXContainerItemProxy;
			containerPortal = FAFE838A1E0743E700062A12 /* Apollo.xcodeproj */;
			proxyType = 2;
			remoteGlobalIDString = 9FC7504E1D2A532D00458D91;
			remoteInfo = "ApolloTests iOS";
		};
		FAFE83981E0743E700062A12 /* PBXContainerItemProxy */ = {
			isa = PBXContainerItemProxy;
			containerPortal = FAFE838A1E0743E700062A12 /* Apollo.xcodeproj */;
			proxyType = 2;
			remoteGlobalIDString = 3C4DBCD11DD21C9D005B61D0;
			remoteInfo = "Apollo watchOS";
		};
		FAFE839A1E0743E700062A12 /* PBXContainerItemProxy */ = {
			isa = PBXContainerItemProxy;
			containerPortal = FAFE838A1E0743E700062A12 /* Apollo.xcodeproj */;
			proxyType = 2;
			remoteGlobalIDString = 3C4DBCDE1DD21CEF005B61D0;
			remoteInfo = "Apollo tvOS";
		};
		FAFE839C1E0743E700062A12 /* PBXContainerItemProxy */ = {
			isa = PBXContainerItemProxy;
			containerPortal = FAFE838A1E0743E700062A12 /* Apollo.xcodeproj */;
			proxyType = 2;
			remoteGlobalIDString = 3C4DBCE61DD21CF0005B61D0;
			remoteInfo = "ApolloTests tvOS";
		};
		FAFE839E1E0743E700062A12 /* PBXContainerItemProxy */ = {
			isa = PBXContainerItemProxy;
			containerPortal = FAFE838A1E0743E700062A12 /* Apollo.xcodeproj */;
			proxyType = 2;
			remoteGlobalIDString = 3C4DBCFA1DD21D53005B61D0;
			remoteInfo = "Apollo macOS";
		};
		FAFE83A01E0743E700062A12 /* PBXContainerItemProxy */ = {
			isa = PBXContainerItemProxy;
			containerPortal = FAFE838A1E0743E700062A12 /* Apollo.xcodeproj */;
			proxyType = 2;
			remoteGlobalIDString = 3C4DBD021DD21D53005B61D0;
			remoteInfo = "ApolloTests macOS";
		};
/* End PBXContainerItemProxy section */

/* Begin PBXFileReference section */
		25F8F67D386AF63599D59F73 /* Pods-PLANiTTests.debug.xcconfig */ = {isa = PBXFileReference; includeInIndex = 1; lastKnownFileType = text.xcconfig; name = "Pods-PLANiTTests.debug.xcconfig"; path = "Pods/Target Support Files/Pods-PLANiTTests/Pods-PLANiTTests.debug.xcconfig"; sourceTree = "<group>"; };
		573B1193B68B00D63CB99598 /* Pods-PLANiTUITests.release.xcconfig */ = {isa = PBXFileReference; includeInIndex = 1; lastKnownFileType = text.xcconfig; name = "Pods-PLANiTUITests.release.xcconfig"; path = "Pods/Target Support Files/Pods-PLANiTUITests/Pods-PLANiTUITests.release.xcconfig"; sourceTree = "<group>"; };
		6225C131F059937BCE08AEF8 /* Pods_PLANiTTests.framework */ = {isa = PBXFileReference; explicitFileType = wrapper.framework; includeInIndex = 0; path = Pods_PLANiTTests.framework; sourceTree = BUILT_PRODUCTS_DIR; };
		76F59E6D5C92054DE0D7F972 /* Pods-PLANiT.release.xcconfig */ = {isa = PBXFileReference; includeInIndex = 1; lastKnownFileType = text.xcconfig; name = "Pods-PLANiT.release.xcconfig"; path = "Pods/Target Support Files/Pods-PLANiT/Pods-PLANiT.release.xcconfig"; sourceTree = "<group>"; };
		96E50284AD7DB850082E94AC /* Pods_PLANiT.framework */ = {isa = PBXFileReference; explicitFileType = wrapper.framework; includeInIndex = 0; path = Pods_PLANiT.framework; sourceTree = BUILT_PRODUCTS_DIR; };
		998E426B901C02082F148A5A /* Pods-PLANiTTests.release.xcconfig */ = {isa = PBXFileReference; includeInIndex = 1; lastKnownFileType = text.xcconfig; name = "Pods-PLANiTTests.release.xcconfig"; path = "Pods/Target Support Files/Pods-PLANiTTests/Pods-PLANiTTests.release.xcconfig"; sourceTree = "<group>"; };
		A90B09B1AD10495DD37218F6 /* Pods_PLANiTUITests.framework */ = {isa = PBXFileReference; explicitFileType = wrapper.framework; includeInIndex = 0; path = Pods_PLANiTUITests.framework; sourceTree = BUILT_PRODUCTS_DIR; };
		C69A412305697ED2E34BB28E /* Pods-PLANiT.debug.xcconfig */ = {isa = PBXFileReference; includeInIndex = 1; lastKnownFileType = text.xcconfig; name = "Pods-PLANiT.debug.xcconfig"; path = "Pods/Target Support Files/Pods-PLANiT/Pods-PLANiT.debug.xcconfig"; sourceTree = "<group>"; };
		E68314B9631BF6A815294655 /* Pods-PLANiTUITests.debug.xcconfig */ = {isa = PBXFileReference; includeInIndex = 1; lastKnownFileType = text.xcconfig; name = "Pods-PLANiTUITests.debug.xcconfig"; path = "Pods/Target Support Files/Pods-PLANiTUITests/Pods-PLANiTUITests.debug.xcconfig"; sourceTree = "<group>"; };
		FA2D13C11E21A13F008CE66A /* Base */ = {isa = PBXFileReference; lastKnownFileType = file.storyboard; name = Base; path = Base.lproj/Main.storyboard; sourceTree = "<group>"; };
		FA2D13C41E21A2A9008CE66A /* CustomKolodaView.swift */ = {isa = PBXFileReference; fileEncoding = 4; lastKnownFileType = sourcecode.swift; name = CustomKolodaView.swift; path = "../../../Downloads/Koloda-master/Example/Koloda/CustomKolodaView.swift"; sourceTree = "<group>"; };
		FA2D13C61E21A646008CE66A /* Base */ = {isa = PBXFileReference; lastKnownFileType = file.xib; name = Base; path = Base.lproj/OverlayView.xib; sourceTree = "<group>"; };
		FA2D13C81E21A646008CE66A /* CustomOverlayView.xib */ = {isa = PBXFileReference; fileEncoding = 4; lastKnownFileType = file.xib; name = CustomOverlayView.xib; path = "../../../Downloads/Koloda-master/Example/Koloda/CustomOverlayView.xib"; sourceTree = "<group>"; };
		FA2D13CB1E21A664008CE66A /* BackgroundAnimationViewController.swift */ = {isa = PBXFileReference; fileEncoding = 4; lastKnownFileType = sourcecode.swift; name = BackgroundAnimationViewController.swift; path = "../../../Downloads/Koloda-master/Example/Koloda/BackgroundAnimationViewController.swift"; sourceTree = "<group>"; };
		FA2D13CC1E21A664008CE66A /* BackgroundKolodaAnimator.swift */ = {isa = PBXFileReference; fileEncoding = 4; lastKnownFileType = sourcecode.swift; name = BackgroundKolodaAnimator.swift; path = "../../../Downloads/Koloda-master/Example/Koloda/BackgroundKolodaAnimator.swift"; sourceTree = "<group>"; };
		FA2D13CD1E21A664008CE66A /* ExampleOverlayView.swift */ = {isa = PBXFileReference; fileEncoding = 4; lastKnownFileType = sourcecode.swift; name = ExampleOverlayView.swift; path = "../../../Downloads/Koloda-master/Example/Koloda/ExampleOverlayView.swift"; sourceTree = "<group>"; };
		FA2D13CE1E21A664008CE66A /* CustomOverlayView.swift */ = {isa = PBXFileReference; fileEncoding = 4; lastKnownFileType = sourcecode.swift; name = CustomOverlayView.swift; path = "../../../Downloads/Koloda-master/Example/Koloda/CustomOverlayView.swift"; sourceTree = "<group>"; };
		FA2D13D31E22C6C8008CE66A /* rankedRecommendationsTableViewCell.swift */ = {isa = PBXFileReference; fileEncoding = 4; lastKnownFileType = sourcecode.swift; path = rankedRecommendationsTableViewCell.swift; sourceTree = "<group>"; };
		FA2D13D51E233C17008CE66A /* itemizedItineraryTableViewCell.swift */ = {isa = PBXFileReference; fileEncoding = 4; lastKnownFileType = sourcecode.swift; path = itemizedItineraryTableViewCell.swift; sourceTree = "<group>"; };
		FA5058D51E2F25CB000C6887 /* timeOfDayTableViewCell.swift */ = {isa = PBXFileReference; fileEncoding = 4; lastKnownFileType = sourcecode.swift; path = timeOfDayTableViewCell.swift; sourceTree = "<group>"; };
		FA5A15611DB14E1200D70483 /* RecommedationSwipingViewController.swift */ = {isa = PBXFileReference; fileEncoding = 4; lastKnownFileType = sourcecode.swift; path = RecommedationSwipingViewController.swift; sourceTree = "<group>"; };
		FA93E5791DAC53F400631767 /* EmailViewController.swift */ = {isa = PBXFileReference; fileEncoding = 4; lastKnownFileType = sourcecode.swift; path = EmailViewController.swift; sourceTree = "<group>"; };
		FA9599FB1E063E4500D1B7D6 /* RankingViewController.swift */ = {isa = PBXFileReference; fileEncoding = 4; lastKnownFileType = sourcecode.swift; path = RankingViewController.swift; sourceTree = "<group>"; };
		FAA280311E141F8F0058F8B7 /* ContactsViewController.swift */ = {isa = PBXFileReference; fileEncoding = 4; lastKnownFileType = sourcecode.swift; name = ContactsViewController.swift; path = Assets.xcassets/ContactsViewController.swift; sourceTree = "<group>"; };
		FAA280331E1426180058F8B7 /* InstructionsViewController.swift */ = {isa = PBXFileReference; fileEncoding = 4; lastKnownFileType = sourcecode.swift; path = InstructionsViewController.swift; sourceTree = "<group>"; };
		FAA280351E1445F90058F8B7 /* HomeAirportViewController.swift */ = {isa = PBXFileReference; fileEncoding = 4; lastKnownFileType = sourcecode.swift; path = HomeAirportViewController.swift; sourceTree = "<group>"; };
		FAA280371E1455AF0058F8B7 /* SuggestDestinationViewController.swift */ = {isa = PBXFileReference; fileEncoding = 4; lastKnownFileType = sourcecode.swift; path = SuggestDestinationViewController.swift; sourceTree = "<group>"; };
		FAA68BC31DECF368000FB313 /* ExistingTripTableViewCell.swift */ = {isa = PBXFileReference; fileEncoding = 4; lastKnownFileType = sourcecode.swift; name = ExistingTripTableViewCell.swift; path = ../ExistingTripTableViewCell.swift; sourceTree = "<group>"; };
		FAB03C011E256D0300F77BD6 /* CellView.xib */ = {isa = PBXFileReference; fileEncoding = 4; lastKnownFileType = file.xib; path = CellView.xib; sourceTree = "<group>"; };
		FAB03C031E256D8600F77BD6 /* CellView.swift */ = {isa = PBXFileReference; fileEncoding = 4; lastKnownFileType = sourcecode.swift; path = CellView.swift; sourceTree = "<group>"; };
		FAB03C051E259FFD00F77BD6 /* monthHeaderView.xib */ = {isa = PBXFileReference; fileEncoding = 4; lastKnownFileType = file.xib; path = monthHeaderView.xib; sourceTree = "<group>"; };
		FAB03C071E25A02700F77BD6 /* monthHeaderView.swift */ = {isa = PBXFileReference; fileEncoding = 4; lastKnownFileType = sourcecode.swift; path = monthHeaderView.swift; sourceTree = "<group>"; };
		FAB03C091E26CC4500F77BD6 /* contactsTableViewCell.swift */ = {isa = PBXFileReference; fileEncoding = 4; lastKnownFileType = sourcecode.swift; path = contactsTableViewCell.swift; sourceTree = "<group>"; };
		FAB03C0E1E287FFB00F77BD6 /* contactsCollectionViewCell.swift */ = {isa = PBXFileReference; fileEncoding = 4; lastKnownFileType = sourcecode.swift; path = contactsCollectionViewCell.swift; sourceTree = "<group>"; };
		FAC95ED31DAD70AC006CD790 /* TripListViewController.swift */ = {isa = PBXFileReference; fileEncoding = 4; lastKnownFileType = sourcecode.swift; path = TripListViewController.swift; sourceTree = "<group>"; };
		FAD5F4851E1EDB2A0031C3DC /* ActivitiesCollectionViewCell.swift */ = {isa = PBXFileReference; fileEncoding = 4; lastKnownFileType = sourcecode.swift; path = ActivitiesCollectionViewCell.swift; sourceTree = "<group>"; };
		FAD5F4871E1EEC710031C3DC /* ActivityItem.swift */ = {isa = PBXFileReference; fileEncoding = 4; lastKnownFileType = sourcecode.swift; path = ActivityItem.swift; sourceTree = "<group>"; };
		FAD5F48B1E1F01B80031C3DC /* items.plist */ = {isa = PBXFileReference; fileEncoding = 4; lastKnownFileType = text.plist.xml; path = items.plist; sourceTree = "<group>"; };
		FAD890401DB5C18800753FC9 /* BudgetViewController.swift */ = {isa = PBXFileReference; fileEncoding = 4; lastKnownFileType = sourcecode.swift; path = BudgetViewController.swift; sourceTree = "<group>"; };
		FAD890421DB5C1AD00753FC9 /* InternationalViewController.swift */ = {isa = PBXFileReference; fileEncoding = 4; lastKnownFileType = sourcecode.swift; path = InternationalViewController.swift; sourceTree = "<group>"; };
		FAD890441DB5C21400753FC9 /* ActivitiesViewController.swift */ = {isa = PBXFileReference; fileEncoding = 4; lastKnownFileType = sourcecode.swift; path = ActivitiesViewController.swift; sourceTree = "<group>"; };
		FAD890461DB5C25000753FC9 /* BirthdayGenderViewController.swift */ = {isa = PBXFileReference; fileEncoding = 4; lastKnownFileType = sourcecode.swift; path = BirthdayGenderViewController.swift; sourceTree = "<group>"; };
		FAD890481DB5C27800753FC9 /* CalendarViewController.swift */ = {isa = PBXFileReference; fileEncoding = 4; lastKnownFileType = sourcecode.swift; path = CalendarViewController.swift; sourceTree = "<group>"; };
		FAD8904A1DB5C2AF00753FC9 /* NewTripNameViewController.swift */ = {isa = PBXFileReference; fileEncoding = 4; lastKnownFileType = sourcecode.swift; path = NewTripNameViewController.swift; sourceTree = "<group>"; };
		FAD8904E1DB70AE700753FC9 /* DataContainerSingleton.swift */ = {isa = PBXFileReference; fileEncoding = 4; lastKnownFileType = sourcecode.swift; path = DataContainerSingleton.swift; sourceTree = "<group>"; };
		FAE518171DB1920D00177731 /* SettingsViewController.swift */ = {isa = PBXFileReference; fileEncoding = 4; lastKnownFileType = sourcecode.swift; path = SettingsViewController.swift; sourceTree = "<group>"; };
		FAEF024E1DB5828800D4EF78 /* ReviewAndBookViewController.swift */ = {isa = PBXFileReference; fileEncoding = 4; lastKnownFileType = sourcecode.swift; path = ReviewAndBookViewController.swift; sourceTree = "<group>"; };
		FAF533BE1DA604EC00BBE2C7 /* PLANiT.app */ = {isa = PBXFileReference; explicitFileType = wrapper.application; includeInIndex = 0; path = PLANiT.app; sourceTree = BUILT_PRODUCTS_DIR; };
		FAF533C11DA604EC00BBE2C7 /* AppDelegate.swift */ = {isa = PBXFileReference; lastKnownFileType = sourcecode.swift; path = AppDelegate.swift; sourceTree = "<group>"; };
		FAF533C31DA604EC00BBE2C7 /* PasswordViewController.swift */ = {isa = PBXFileReference; lastKnownFileType = sourcecode.swift; path = PasswordViewController.swift; sourceTree = "<group>"; };
		FAF533C81DA604EC00BBE2C7 /* Assets.xcassets */ = {isa = PBXFileReference; lastKnownFileType = folder.assetcatalog; path = Assets.xcassets; sourceTree = "<group>"; };
		FAF533CB1DA604EC00BBE2C7 /* Base */ = {isa = PBXFileReference; lastKnownFileType = file.storyboard; name = Base; path = Base.lproj/LaunchScreen.storyboard; sourceTree = "<group>"; };
		FAF533CD1DA604EC00BBE2C7 /* Info.plist */ = {isa = PBXFileReference; lastKnownFileType = text.plist.xml; path = Info.plist; sourceTree = "<group>"; };
		FAF533D21DA604EC00BBE2C7 /* PLANiTTests.xctest */ = {isa = PBXFileReference; explicitFileType = wrapper.cfbundle; includeInIndex = 0; path = PLANiTTests.xctest; sourceTree = BUILT_PRODUCTS_DIR; };
		FAF533D61DA604EC00BBE2C7 /* PLANiTTests.swift */ = {isa = PBXFileReference; lastKnownFileType = sourcecode.swift; path = PLANiTTests.swift; sourceTree = "<group>"; };
		FAF533D81DA604EC00BBE2C7 /* Info.plist */ = {isa = PBXFileReference; lastKnownFileType = text.plist.xml; path = Info.plist; sourceTree = "<group>"; };
		FAF533DD1DA604EC00BBE2C7 /* PLANiTUITests.xctest */ = {isa = PBXFileReference; explicitFileType = wrapper.cfbundle; includeInIndex = 0; path = PLANiTUITests.xctest; sourceTree = BUILT_PRODUCTS_DIR; };
		FAF533E11DA604EC00BBE2C7 /* PLANiTUITests.swift */ = {isa = PBXFileReference; lastKnownFileType = sourcecode.swift; path = PLANiTUITests.swift; sourceTree = "<group>"; };
		FAF533E31DA604EC00BBE2C7 /* Info.plist */ = {isa = PBXFileReference; lastKnownFileType = text.plist.xml; path = Info.plist; sourceTree = "<group>"; };
		FAFE83791E0736B900062A12 /* API.swift */ = {isa = PBXFileReference; fileEncoding = 4; lastKnownFileType = sourcecode.swift; path = API.swift; sourceTree = "<group>"; };
		FAFE837B1E0737D100062A12 /* CreateNewUser.graphql */ = {isa = PBXFileReference; fileEncoding = 4; lastKnownFileType = text; path = CreateNewUser.graphql; sourceTree = "<group>"; };
		FAFE83801E07399200062A12 /* GetTrip.graphql */ = {isa = PBXFileReference; fileEncoding = 4; lastKnownFileType = text; path = GetTrip.graphql; sourceTree = "<group>"; };
		FAFE838A1E0743E700062A12 /* Apollo.xcodeproj */ = {isa = PBXFileReference; lastKnownFileType = "wrapper.pb-project"; name = Apollo.xcodeproj; path = "apollo-ios-master/Apollo.xcodeproj"; sourceTree = "<group>"; };
/* End PBXFileReference section */

/* Begin PBXFrameworksBuildPhase section */
		FAF533BB1DA604EC00BBE2C7 /* Frameworks */ = {
			isa = PBXFrameworksBuildPhase;
			buildActionMask = 2147483647;
			files = (
				8D134FA50DD803F896EAD23C /* Pods_PLANiT.framework in Frameworks */,
			);
			runOnlyForDeploymentPostprocessing = 0;
		};
		FAF533CF1DA604EC00BBE2C7 /* Frameworks */ = {
			isa = PBXFrameworksBuildPhase;
			buildActionMask = 2147483647;
			files = (
				3D49B32528D108AA632DA741 /* Pods_PLANiTTests.framework in Frameworks */,
			);
			runOnlyForDeploymentPostprocessing = 0;
		};
		FAF533DA1DA604EC00BBE2C7 /* Frameworks */ = {
			isa = PBXFrameworksBuildPhase;
			buildActionMask = 2147483647;
			files = (
				9C028397A605A07ED9DC3377 /* Pods_PLANiTUITests.framework in Frameworks */,
			);
			runOnlyForDeploymentPostprocessing = 0;
		};
/* End PBXFrameworksBuildPhase section */

/* Begin PBXGroup section */
		1E6788A5CE37642AE71885C7 /* Pods */ = {
			isa = PBXGroup;
			children = (
				C69A412305697ED2E34BB28E /* Pods-PLANiT.debug.xcconfig */,
				76F59E6D5C92054DE0D7F972 /* Pods-PLANiT.release.xcconfig */,
				25F8F67D386AF63599D59F73 /* Pods-PLANiTTests.debug.xcconfig */,
				998E426B901C02082F148A5A /* Pods-PLANiTTests.release.xcconfig */,
				E68314B9631BF6A815294655 /* Pods-PLANiTUITests.debug.xcconfig */,
				573B1193B68B00D63CB99598 /* Pods-PLANiTUITests.release.xcconfig */,
			);
			name = Pods;
			sourceTree = "<group>";
		};
		C01D136C1E0730F100208D04 /* Frameworks */ = {
			isa = PBXGroup;
			children = (
				FAFE838A1E0743E700062A12 /* Apollo.xcodeproj */,
				96E50284AD7DB850082E94AC /* Pods_PLANiT.framework */,
				6225C131F059937BCE08AEF8 /* Pods_PLANiTTests.framework */,
				A90B09B1AD10495DD37218F6 /* Pods_PLANiTUITests.framework */,
			);
			name = Frameworks;
			sourceTree = "<group>";
		};
		FA2D13C31E21A29E008CE66A /* Koloda */ = {
			isa = PBXGroup;
			children = (
				FA2D13C41E21A2A9008CE66A /* CustomKolodaView.swift */,
				FA2D13CB1E21A664008CE66A /* BackgroundAnimationViewController.swift */,
				FA2D13CC1E21A664008CE66A /* BackgroundKolodaAnimator.swift */,
				FA2D13CD1E21A664008CE66A /* ExampleOverlayView.swift */,
				FA2D13CE1E21A664008CE66A /* CustomOverlayView.swift */,
				FA2D13C71E21A646008CE66A /* OverlayView.xib */,
				FA2D13C81E21A646008CE66A /* CustomOverlayView.xib */,
			);
			name = Koloda;
			sourceTree = "<group>";
		};
		FA3856911E1B534800CAB8E5 /* Table View Cells */ = {
			isa = PBXGroup;
			children = (
				FAA68BC31DECF368000FB313 /* ExistingTripTableViewCell.swift */,
				FA2D13D31E22C6C8008CE66A /* rankedRecommendationsTableViewCell.swift */,
				FA2D13D51E233C17008CE66A /* itemizedItineraryTableViewCell.swift */,
				FAB03C091E26CC4500F77BD6 /* contactsTableViewCell.swift */,
				FA5058D51E2F25CB000C6887 /* timeOfDayTableViewCell.swift */,
			);
			name = "Table View Cells";
			sourceTree = "<group>";
		};
		FAA68BC71DECFE2C000FB313 /* API */ = {
			isa = PBXGroup;
			children = (
				FAFE83791E0736B900062A12 /* API.swift */,
			);
			name = API;
			sourceTree = "<group>";
		};
		FAB03BF91E256CE000F77BD6 /* Calendar View */ = {
			isa = PBXGroup;
			children = (
				FAB03C011E256D0300F77BD6 /* CellView.xib */,
				FAB03C031E256D8600F77BD6 /* CellView.swift */,
				FAB03C051E259FFD00F77BD6 /* monthHeaderView.xib */,
				FAB03C071E25A02700F77BD6 /* monthHeaderView.swift */,
			);
			name = "Calendar View";
			sourceTree = "<group>";
		};
		FAC95ED01DAD6B45006CD790 /* Transitions */ = {
			isa = PBXGroup;
			children = (
			);
			name = Transitions;
			sourceTree = "<group>";
		};
		FAD5F47D1E1EDA240031C3DC /* Collection View Cells */ = {
			isa = PBXGroup;
			children = (
				FAD5F4851E1EDB2A0031C3DC /* ActivitiesCollectionViewCell.swift */,
				FAB03C0E1E287FFB00F77BD6 /* contactsCollectionViewCell.swift */,
				FAD5F4871E1EEC710031C3DC /* ActivityItem.swift */,
			);
			name = "Collection View Cells";
			sourceTree = "<group>";
		};
		FAF533B51DA604EC00BBE2C7 = {
			isa = PBXGroup;
			children = (
				FAF533C01DA604EC00BBE2C7 /* PLANiT */,
				FAF533D51DA604EC00BBE2C7 /* PLANiTTests */,
				FAF533E01DA604EC00BBE2C7 /* PLANiTUITests */,
				FAF533BF1DA604EC00BBE2C7 /* Products */,
				C01D136C1E0730F100208D04 /* Frameworks */,
				1E6788A5CE37642AE71885C7 /* Pods */,
			);
			sourceTree = "<group>";
		};
		FAF533BF1DA604EC00BBE2C7 /* Products */ = {
			isa = PBXGroup;
			children = (
				FAF533BE1DA604EC00BBE2C7 /* PLANiT.app */,
				FAF533D21DA604EC00BBE2C7 /* PLANiTTests.xctest */,
				FAF533DD1DA604EC00BBE2C7 /* PLANiTUITests.xctest */,
			);
			name = Products;
			sourceTree = "<group>";
		};
		FAF533C01DA604EC00BBE2C7 /* PLANiT */ = {
			isa = PBXGroup;
			children = (
				FA2D13C31E21A29E008CE66A /* Koloda */,
				FAFE837D1E0737E200062A12 /* GraphQL */,
				FAA68BC71DECFE2C000FB313 /* API */,
				FAF533F41DA60C4700BBE2C7 /* Network */,
				FAC95ED01DAD6B45006CD790 /* Transitions */,
				FAF533F61DA60C5B00BBE2C7 /* Supporting Files */,
				FAF533F01DA60BCD00BBE2C7 /* Controllers */,
				FA3856911E1B534800CAB8E5 /* Table View Cells */,
				FAD5F47D1E1EDA240031C3DC /* Collection View Cells */,
				FAB03BF91E256CE000F77BD6 /* Calendar View */,
				FAF533EF1DA60B7200BBE2C7 /* App */,
				FAF533F11DA60BD800BBE2C7 /* Views */,
				FAF533F51DA60C4E00BBE2C7 /* Model */,
				FAF533F31DA60C1200BBE2C7 /* Resources */,
			);
			path = PLANiT;
			sourceTree = "<group>";
		};
		FAF533D51DA604EC00BBE2C7 /* PLANiTTests */ = {
			isa = PBXGroup;
			children = (
				FAF533D61DA604EC00BBE2C7 /* PLANiTTests.swift */,
				FAF533D81DA604EC00BBE2C7 /* Info.plist */,
			);
			path = PLANiTTests;
			sourceTree = "<group>";
		};
		FAF533E01DA604EC00BBE2C7 /* PLANiTUITests */ = {
			isa = PBXGroup;
			children = (
				FAF533E11DA604EC00BBE2C7 /* PLANiTUITests.swift */,
				FAF533E31DA604EC00BBE2C7 /* Info.plist */,
			);
			path = PLANiTUITests;
			sourceTree = "<group>";
		};
		FAF533EF1DA60B7200BBE2C7 /* App */ = {
			isa = PBXGroup;
			children = (
				FAF533C11DA604EC00BBE2C7 /* AppDelegate.swift */,
			);
			name = App;
			sourceTree = "<group>";
		};
		FAF533F01DA60BCD00BBE2C7 /* Controllers */ = {
			isa = PBXGroup;
			children = (
				FA93E5791DAC53F400631767 /* EmailViewController.swift */,
				FAF533C31DA604EC00BBE2C7 /* PasswordViewController.swift */,
				FAE518171DB1920D00177731 /* SettingsViewController.swift */,
				FAC95ED31DAD70AC006CD790 /* TripListViewController.swift */,
				FAA280331E1426180058F8B7 /* InstructionsViewController.swift */,
				FAA280311E141F8F0058F8B7 /* ContactsViewController.swift */,
				FAD8904A1DB5C2AF00753FC9 /* NewTripNameViewController.swift */,
				FAD890481DB5C27800753FC9 /* CalendarViewController.swift */,
				FAD890461DB5C25000753FC9 /* BirthdayGenderViewController.swift */,
				FAA280351E1445F90058F8B7 /* HomeAirportViewController.swift */,
				FAD890421DB5C1AD00753FC9 /* InternationalViewController.swift */,
				FAA280371E1455AF0058F8B7 /* SuggestDestinationViewController.swift */,
				FAD890401DB5C18800753FC9 /* BudgetViewController.swift */,
				FAD890441DB5C21400753FC9 /* ActivitiesViewController.swift */,
				FA5A15611DB14E1200D70483 /* RecommedationSwipingViewController.swift */,
				FA9599FB1E063E4500D1B7D6 /* RankingViewController.swift */,
				FAEF024E1DB5828800D4EF78 /* ReviewAndBookViewController.swift */,
			);
			name = Controllers;
			sourceTree = "<group>";
		};
		FAF533F11DA60BD800BBE2C7 /* Views */ = {
			isa = PBXGroup;
			children = (
				FAF533CA1DA604EC00BBE2C7 /* LaunchScreen.storyboard */,
				FA2D13C01E21A13F008CE66A /* Main.storyboard */,
			);
			name = Views;
			sourceTree = "<group>";
		};
		FAF533F31DA60C1200BBE2C7 /* Resources */ = {
			isa = PBXGroup;
			children = (
				FAF533C81DA604EC00BBE2C7 /* Assets.xcassets */,
				FAD5F48B1E1F01B80031C3DC /* items.plist */,
			);
			name = Resources;
			sourceTree = "<group>";
		};
		FAF533F41DA60C4700BBE2C7 /* Network */ = {
			isa = PBXGroup;
			children = (
			);
			name = Network;
			sourceTree = "<group>";
		};
		FAF533F51DA60C4E00BBE2C7 /* Model */ = {
			isa = PBXGroup;
			children = (
				FAD8904E1DB70AE700753FC9 /* DataContainerSingleton.swift */,
			);
			name = Model;
			sourceTree = "<group>";
		};
		FAF533F61DA60C5B00BBE2C7 /* Supporting Files */ = {
			isa = PBXGroup;
			children = (
				FAF533CD1DA604EC00BBE2C7 /* Info.plist */,
			);
			name = "Supporting Files";
			sourceTree = "<group>";
		};
		FAFE837D1E0737E200062A12 /* GraphQL */ = {
			isa = PBXGroup;
			children = (
				FAFE837F1E07384A00062A12 /* Query */,
				FAFE837E1E07383600062A12 /* Mutation */,
			);
			name = GraphQL;
			sourceTree = "<group>";
		};
		FAFE837E1E07383600062A12 /* Mutation */ = {
			isa = PBXGroup;
			children = (
				FAFE837B1E0737D100062A12 /* CreateNewUser.graphql */,
			);
			name = Mutation;
			sourceTree = "<group>";
		};
		FAFE837F1E07384A00062A12 /* Query */ = {
			isa = PBXGroup;
			children = (
				FAFE83801E07399200062A12 /* GetTrip.graphql */,
			);
			name = Query;
			sourceTree = "<group>";
		};
		FAFE838B1E0743E700062A12 /* Products */ = {
			isa = PBXGroup;
			children = (
				FAFE83951E0743E700062A12 /* Apollo.framework */,
				FAFE83971E0743E700062A12 /* ApolloTests iOS.xctest */,
				FAFE83991E0743E700062A12 /* Apollo.framework */,
				FAFE839B1E0743E700062A12 /* Apollo.framework */,
				FAFE839D1E0743E700062A12 /* ApolloTests tvOS.xctest */,
				FAFE839F1E0743E700062A12 /* Apollo.framework */,
				FAFE83A11E0743E700062A12 /* ApolloTests macOS.xctest */,
			);
			name = Products;
			sourceTree = "<group>";
		};
/* End PBXGroup section */

/* Begin PBXNativeTarget section */
		FAF533BD1DA604EC00BBE2C7 /* PLANiT */ = {
			isa = PBXNativeTarget;
			buildConfigurationList = FAF533E61DA604EC00BBE2C7 /* Build configuration list for PBXNativeTarget "PLANiT" */;
			buildPhases = (
				5E95E22FD99DBC5F8AFD5C13 /* [CP] Check Pods Manifest.lock */,
				C0DA098E1E0731E00016594E /* ShellScript */,
				FAF533BA1DA604EC00BBE2C7 /* Sources */,
				FAF533BB1DA604EC00BBE2C7 /* Frameworks */,
				FAF533BC1DA604EC00BBE2C7 /* Resources */,
				7E529084EC919FB9CED7F6E2 /* [CP] Embed Pods Frameworks */,
				571AEADE1665A348E8629852 /* [CP] Copy Pods Resources */,
			);
			buildRules = (
			);
			dependencies = (
			);
			name = PLANiT;
			productName = PLANiT;
			productReference = FAF533BE1DA604EC00BBE2C7 /* PLANiT.app */;
			productType = "com.apple.product-type.application";
		};
		FAF533D11DA604EC00BBE2C7 /* PLANiTTests */ = {
			isa = PBXNativeTarget;
			buildConfigurationList = FAF533E91DA604EC00BBE2C7 /* Build configuration list for PBXNativeTarget "PLANiTTests" */;
			buildPhases = (
				E4A94AB1E3AEA83B76096FCB /* [CP] Check Pods Manifest.lock */,
				FAF533CE1DA604EC00BBE2C7 /* Sources */,
				FAF533CF1DA604EC00BBE2C7 /* Frameworks */,
				FAF533D01DA604EC00BBE2C7 /* Resources */,
				4B3199E15AF71D0616C5E040 /* [CP] Embed Pods Frameworks */,
				2C4F75AD3C428B0AAD49F85A /* [CP] Copy Pods Resources */,
			);
			buildRules = (
			);
			dependencies = (
				FAF533D41DA604EC00BBE2C7 /* PBXTargetDependency */,
			);
			name = PLANiTTests;
			productName = PLANiTTests;
			productReference = FAF533D21DA604EC00BBE2C7 /* PLANiTTests.xctest */;
			productType = "com.apple.product-type.bundle.unit-test";
		};
		FAF533DC1DA604EC00BBE2C7 /* PLANiTUITests */ = {
			isa = PBXNativeTarget;
			buildConfigurationList = FAF533EC1DA604EC00BBE2C7 /* Build configuration list for PBXNativeTarget "PLANiTUITests" */;
			buildPhases = (
				0C932A9550D4283E7D6FFE0C /* [CP] Check Pods Manifest.lock */,
				FAF533D91DA604EC00BBE2C7 /* Sources */,
				FAF533DA1DA604EC00BBE2C7 /* Frameworks */,
				FAF533DB1DA604EC00BBE2C7 /* Resources */,
				B597154CFEC952EBBA63432D /* [CP] Embed Pods Frameworks */,
				6ACBD46DE382DC9414D97116 /* [CP] Copy Pods Resources */,
			);
			buildRules = (
			);
			dependencies = (
				FAF533DF1DA604EC00BBE2C7 /* PBXTargetDependency */,
			);
			name = PLANiTUITests;
			productName = PLANiTUITests;
			productReference = FAF533DD1DA604EC00BBE2C7 /* PLANiTUITests.xctest */;
			productType = "com.apple.product-type.bundle.ui-testing";
		};
/* End PBXNativeTarget section */

/* Begin PBXProject section */
		FAF533B61DA604EC00BBE2C7 /* Project object */ = {
			isa = PBXProject;
			attributes = {
				LastSwiftUpdateCheck = 0800;
				LastUpgradeCheck = 0820;
				ORGANIZATIONNAME = "MICHAEL WURM";
				TargetAttributes = {
					FAF533BD1DA604EC00BBE2C7 = {
						CreatedOnToolsVersion = 8.0;
						ProvisioningStyle = Automatic;
					};
					FAF533D11DA604EC00BBE2C7 = {
						CreatedOnToolsVersion = 8.0;
						ProvisioningStyle = Automatic;
						TestTargetID = FAF533BD1DA604EC00BBE2C7;
					};
					FAF533DC1DA604EC00BBE2C7 = {
						CreatedOnToolsVersion = 8.0;
						ProvisioningStyle = Automatic;
						TestTargetID = FAF533BD1DA604EC00BBE2C7;
					};
				};
			};
			buildConfigurationList = FAF533B91DA604EC00BBE2C7 /* Build configuration list for PBXProject "PLANiT" */;
			compatibilityVersion = "Xcode 3.2";
			developmentRegion = English;
			hasScannedForEncodings = 0;
			knownRegions = (
				en,
				Base,
			);
			mainGroup = FAF533B51DA604EC00BBE2C7;
			productRefGroup = FAF533BF1DA604EC00BBE2C7 /* Products */;
			projectDirPath = "";
			projectReferences = (
				{
					ProductGroup = FAFE838B1E0743E700062A12 /* Products */;
					ProjectRef = FAFE838A1E0743E700062A12 /* Apollo.xcodeproj */;
				},
			);
			projectRoot = "";
			targets = (
				FAF533BD1DA604EC00BBE2C7 /* PLANiT */,
				FAF533D11DA604EC00BBE2C7 /* PLANiTTests */,
				FAF533DC1DA604EC00BBE2C7 /* PLANiTUITests */,
			);
		};
/* End PBXProject section */

/* Begin PBXReferenceProxy section */
		FAFE83951E0743E700062A12 /* Apollo.framework */ = {
			isa = PBXReferenceProxy;
			fileType = wrapper.framework;
			path = Apollo.framework;
			remoteRef = FAFE83941E0743E700062A12 /* PBXContainerItemProxy */;
			sourceTree = BUILT_PRODUCTS_DIR;
		};
		FAFE83971E0743E700062A12 /* ApolloTests iOS.xctest */ = {
			isa = PBXReferenceProxy;
			fileType = wrapper.cfbundle;
			path = "ApolloTests iOS.xctest";
			remoteRef = FAFE83961E0743E700062A12 /* PBXContainerItemProxy */;
			sourceTree = BUILT_PRODUCTS_DIR;
		};
		FAFE83991E0743E700062A12 /* Apollo.framework */ = {
			isa = PBXReferenceProxy;
			fileType = wrapper.framework;
			path = Apollo.framework;
			remoteRef = FAFE83981E0743E700062A12 /* PBXContainerItemProxy */;
			sourceTree = BUILT_PRODUCTS_DIR;
		};
		FAFE839B1E0743E700062A12 /* Apollo.framework */ = {
			isa = PBXReferenceProxy;
			fileType = wrapper.framework;
			path = Apollo.framework;
			remoteRef = FAFE839A1E0743E700062A12 /* PBXContainerItemProxy */;
			sourceTree = BUILT_PRODUCTS_DIR;
		};
		FAFE839D1E0743E700062A12 /* ApolloTests tvOS.xctest */ = {
			isa = PBXReferenceProxy;
			fileType = wrapper.cfbundle;
			path = "ApolloTests tvOS.xctest";
			remoteRef = FAFE839C1E0743E700062A12 /* PBXContainerItemProxy */;
			sourceTree = BUILT_PRODUCTS_DIR;
		};
		FAFE839F1E0743E700062A12 /* Apollo.framework */ = {
			isa = PBXReferenceProxy;
			fileType = wrapper.framework;
			path = Apollo.framework;
			remoteRef = FAFE839E1E0743E700062A12 /* PBXContainerItemProxy */;
			sourceTree = BUILT_PRODUCTS_DIR;
		};
		FAFE83A11E0743E700062A12 /* ApolloTests macOS.xctest */ = {
			isa = PBXReferenceProxy;
			fileType = wrapper.cfbundle;
			path = "ApolloTests macOS.xctest";
			remoteRef = FAFE83A01E0743E700062A12 /* PBXContainerItemProxy */;
			sourceTree = BUILT_PRODUCTS_DIR;
		};
/* End PBXReferenceProxy section */

/* Begin PBXResourcesBuildPhase section */
		FAF533BC1DA604EC00BBE2C7 /* Resources */ = {
			isa = PBXResourcesBuildPhase;
			buildActionMask = 2147483647;
			files = (
				FA2D13C91E21A646008CE66A /* OverlayView.xib in Resources */,
				FAFE83811E07399200062A12 /* GetTrip.graphql in Resources */,
				FAF533CC1DA604EC00BBE2C7 /* LaunchScreen.storyboard in Resources */,
				FAFE837C1E0737D100062A12 /* CreateNewUser.graphql in Resources */,
				FAB03C021E256D0300F77BD6 /* CellView.xib in Resources */,
				FA2D13C21E21A13F008CE66A /* Main.storyboard in Resources */,
				FAF533C91DA604EC00BBE2C7 /* Assets.xcassets in Resources */,
				FA2D13CA1E21A646008CE66A /* CustomOverlayView.xib in Resources */,
				FAB03C061E259FFD00F77BD6 /* monthHeaderView.xib in Resources */,
				FAD5F48C1E1F01B80031C3DC /* items.plist in Resources */,
			);
			runOnlyForDeploymentPostprocessing = 0;
		};
		FAF533D01DA604EC00BBE2C7 /* Resources */ = {
			isa = PBXResourcesBuildPhase;
			buildActionMask = 2147483647;
			files = (
			);
			runOnlyForDeploymentPostprocessing = 0;
		};
		FAF533DB1DA604EC00BBE2C7 /* Resources */ = {
			isa = PBXResourcesBuildPhase;
			buildActionMask = 2147483647;
			files = (
			);
			runOnlyForDeploymentPostprocessing = 0;
		};
/* End PBXResourcesBuildPhase section */

/* Begin PBXShellScriptBuildPhase section */
		0C932A9550D4283E7D6FFE0C /* [CP] Check Pods Manifest.lock */ = {
			isa = PBXShellScriptBuildPhase;
			buildActionMask = 2147483647;
			files = (
			);
			inputPaths = (
			);
			name = "[CP] Check Pods Manifest.lock";
			outputPaths = (
			);
			runOnlyForDeploymentPostprocessing = 0;
			shellPath = /bin/sh;
			shellScript = "diff \"${PODS_ROOT}/../Podfile.lock\" \"${PODS_ROOT}/Manifest.lock\" > /dev/null\nif [ $? != 0 ] ; then\n    # print error to STDERR\n    echo \"error: The sandbox is not in sync with the Podfile.lock. Run 'pod install' or update your CocoaPods installation.\" >&2\n    exit 1\nfi\n";
			showEnvVarsInLog = 0;
		};
		2C4F75AD3C428B0AAD49F85A /* [CP] Copy Pods Resources */ = {
			isa = PBXShellScriptBuildPhase;
			buildActionMask = 2147483647;
			files = (
			);
			inputPaths = (
			);
			name = "[CP] Copy Pods Resources";
			outputPaths = (
			);
			runOnlyForDeploymentPostprocessing = 0;
			shellPath = /bin/sh;
			shellScript = "\"${SRCROOT}/Pods/Target Support Files/Pods-PLANiTTests/Pods-PLANiTTests-resources.sh\"\n";
			showEnvVarsInLog = 0;
		};
		4B3199E15AF71D0616C5E040 /* [CP] Embed Pods Frameworks */ = {
			isa = PBXShellScriptBuildPhase;
			buildActionMask = 2147483647;
			files = (
			);
			inputPaths = (
			);
			name = "[CP] Embed Pods Frameworks";
			outputPaths = (
			);
			runOnlyForDeploymentPostprocessing = 0;
			shellPath = /bin/sh;
			shellScript = "\"${SRCROOT}/Pods/Target Support Files/Pods-PLANiTTests/Pods-PLANiTTests-frameworks.sh\"\n";
			showEnvVarsInLog = 0;
		};
		571AEADE1665A348E8629852 /* [CP] Copy Pods Resources */ = {
			isa = PBXShellScriptBuildPhase;
			buildActionMask = 2147483647;
			files = (
			);
			inputPaths = (
			);
			name = "[CP] Copy Pods Resources";
			outputPaths = (
			);
			runOnlyForDeploymentPostprocessing = 0;
			shellPath = /bin/sh;
			shellScript = "\"${SRCROOT}/Pods/Target Support Files/Pods-PLANiT/Pods-PLANiT-resources.sh\"\n";
			showEnvVarsInLog = 0;
		};
		5E95E22FD99DBC5F8AFD5C13 /* [CP] Check Pods Manifest.lock */ = {
			isa = PBXShellScriptBuildPhase;
			buildActionMask = 2147483647;
			files = (
			);
			inputPaths = (
			);
			name = "[CP] Check Pods Manifest.lock";
			outputPaths = (
			);
			runOnlyForDeploymentPostprocessing = 0;
			shellPath = /bin/sh;
			shellScript = "diff \"${PODS_ROOT}/../Podfile.lock\" \"${PODS_ROOT}/Manifest.lock\" > /dev/null\nif [ $? != 0 ] ; then\n    # print error to STDERR\n    echo \"error: The sandbox is not in sync with the Podfile.lock. Run 'pod install' or update your CocoaPods installation.\" >&2\n    exit 1\nfi\n";
			showEnvVarsInLog = 0;
		};
		6ACBD46DE382DC9414D97116 /* [CP] Copy Pods Resources */ = {
			isa = PBXShellScriptBuildPhase;
			buildActionMask = 2147483647;
			files = (
			);
			inputPaths = (
			);
			name = "[CP] Copy Pods Resources";
			outputPaths = (
			);
			runOnlyForDeploymentPostprocessing = 0;
			shellPath = /bin/sh;
			shellScript = "\"${SRCROOT}/Pods/Target Support Files/Pods-PLANiTUITests/Pods-PLANiTUITests-resources.sh\"\n";
			showEnvVarsInLog = 0;
		};
		7E529084EC919FB9CED7F6E2 /* [CP] Embed Pods Frameworks */ = {
			isa = PBXShellScriptBuildPhase;
			buildActionMask = 2147483647;
			files = (
			);
			inputPaths = (
			);
			name = "[CP] Embed Pods Frameworks";
			outputPaths = (
			);
			runOnlyForDeploymentPostprocessing = 0;
			shellPath = /bin/sh;
			shellScript = "\"${SRCROOT}/Pods/Target Support Files/Pods-PLANiT/Pods-PLANiT-frameworks.sh\"\n";
			showEnvVarsInLog = 0;
		};
		B597154CFEC952EBBA63432D /* [CP] Embed Pods Frameworks */ = {
			isa = PBXShellScriptBuildPhase;
			buildActionMask = 2147483647;
			files = (
			);
			inputPaths = (
			);
			name = "[CP] Embed Pods Frameworks";
			outputPaths = (
			);
			runOnlyForDeploymentPostprocessing = 0;
			shellPath = /bin/sh;
			shellScript = "\"${SRCROOT}/Pods/Target Support Files/Pods-PLANiTUITests/Pods-PLANiTUITests-frameworks.sh\"\n";
			showEnvVarsInLog = 0;
		};
		C0DA098E1E0731E00016594E /* ShellScript */ = {
			isa = PBXShellScriptBuildPhase;
			buildActionMask = 2147483647;
			files = (
			);
			inputPaths = (
			);
			outputPaths = (
			);
			runOnlyForDeploymentPostprocessing = 0;
			shellPath = /bin/sh;
			shellScript = "export PATH=\"/Users/sahilzubair/.npm-packages/bin:$PATH\"\nAPOLLO_FRAMEWORK_PATH=\"$(eval find $FRAMEWORK_SEARCH_PATHS -name \"Apollo.framework\" -maxdepth 1)\"\n\nif [ -z \"$APOLLO_FRAMEWORK_PATH\" ]; then\necho \"error: Couldn't find Apollo.framework in FRAMEWORK_SEARCH_PATHS; make sure to add the framework to your project.\"\nexit 1\nfi\n\ncd \"${SRCROOT}/${TARGET_NAME}\"\n$APOLLO_FRAMEWORK_PATH/check-and-run-apollo-codegen.sh generate $(find . -name '*.graphql') --schema schema.json --output API.swift\n";
		};
		E4A94AB1E3AEA83B76096FCB /* [CP] Check Pods Manifest.lock */ = {
			isa = PBXShellScriptBuildPhase;
			buildActionMask = 2147483647;
			files = (
			);
			inputPaths = (
			);
			name = "[CP] Check Pods Manifest.lock";
			outputPaths = (
			);
			runOnlyForDeploymentPostprocessing = 0;
			shellPath = /bin/sh;
			shellScript = "diff \"${PODS_ROOT}/../Podfile.lock\" \"${PODS_ROOT}/Manifest.lock\" > /dev/null\nif [ $? != 0 ] ; then\n    # print error to STDERR\n    echo \"error: The sandbox is not in sync with the Podfile.lock. Run 'pod install' or update your CocoaPods installation.\" >&2\n    exit 1\nfi\n";
			showEnvVarsInLog = 0;
		};
/* End PBXShellScriptBuildPhase section */

/* Begin PBXSourcesBuildPhase section */
		FAF533BA1DA604EC00BBE2C7 /* Sources */ = {
			isa = PBXSourcesBuildPhase;
			buildActionMask = 2147483647;
			files = (
				FAD890491DB5C27800753FC9 /* CalendarViewController.swift in Sources */,
				FAA68BC41DECF368000FB313 /* ExistingTripTableViewCell.swift in Sources */,
				FA2D13D21E21A664008CE66A /* CustomOverlayView.swift in Sources */,
				FAC95ED41DAD70AC006CD790 /* TripListViewController.swift in Sources */,
				FAD5F4881E1EEC710031C3DC /* ActivityItem.swift in Sources */,
				FA2D13CF1E21A664008CE66A /* BackgroundAnimationViewController.swift in Sources */,
				FAB03C0F1E287FFB00F77BD6 /* contactsCollectionViewCell.swift in Sources */,
				FAD890471DB5C25000753FC9 /* BirthdayGenderViewController.swift in Sources */,
				FAB03C041E256D8600F77BD6 /* CellView.swift in Sources */,
				FA9599FC1E063E4600D1B7D6 /* RankingViewController.swift in Sources */,
				FAA280321E141F8F0058F8B7 /* ContactsViewController.swift in Sources */,
				FA2D13D01E21A664008CE66A /* BackgroundKolodaAnimator.swift in Sources */,
				FA2D13D61E233C17008CE66A /* itemizedItineraryTableViewCell.swift in Sources */,
				FAD8904B1DB5C2AF00753FC9 /* NewTripNameViewController.swift in Sources */,
				FAF533C41DA604EC00BBE2C7 /* PasswordViewController.swift in Sources */,
				FA2D13C51E21A2A9008CE66A /* CustomKolodaView.swift in Sources */,
				FAEF024F1DB5828800D4EF78 /* ReviewAndBookViewController.swift in Sources */,
				FAA280381E1455AF0058F8B7 /* SuggestDestinationViewController.swift in Sources */,
				FA2D13D11E21A664008CE66A /* ExampleOverlayView.swift in Sources */,
				FAD890451DB5C21400753FC9 /* ActivitiesViewController.swift in Sources */,
				FAE518181DB1920D00177731 /* SettingsViewController.swift in Sources */,
				FAD890411DB5C18800753FC9 /* BudgetViewController.swift in Sources */,
				FA5058D61E2F25CB000C6887 /* timeOfDayTableViewCell.swift in Sources */,
				FAF533C21DA604EC00BBE2C7 /* AppDelegate.swift in Sources */,
				FAB03C0A1E26CC4500F77BD6 /* contactsTableViewCell.swift in Sources */,
				FA5A15621DB14E1200D70483 /* RecommedationSwipingViewController.swift in Sources */,
				FAA280341E1426180058F8B7 /* InstructionsViewController.swift in Sources */,
				FAD8904F1DB70AE700753FC9 /* DataContainerSingleton.swift in Sources */,
				FA93E57A1DAC53F400631767 /* EmailViewController.swift in Sources */,
				FAD890431DB5C1AD00753FC9 /* InternationalViewController.swift in Sources */,
				FAB03C081E25A02700F77BD6 /* monthHeaderView.swift in Sources */,
				FAFE837A1E0736B900062A12 /* API.swift in Sources */,
				FAA280361E1445F90058F8B7 /* HomeAirportViewController.swift in Sources */,
				FA2D13D41E22C6C9008CE66A /* rankedRecommendationsTableViewCell.swift in Sources */,
				FAD5F4861E1EDB2A0031C3DC /* ActivitiesCollectionViewCell.swift in Sources */,
			);
			runOnlyForDeploymentPostprocessing = 0;
		};
		FAF533CE1DA604EC00BBE2C7 /* Sources */ = {
			isa = PBXSourcesBuildPhase;
			buildActionMask = 2147483647;
			files = (
				FAF533D71DA604EC00BBE2C7 /* PLANiTTests.swift in Sources */,
			);
			runOnlyForDeploymentPostprocessing = 0;
		};
		FAF533D91DA604EC00BBE2C7 /* Sources */ = {
			isa = PBXSourcesBuildPhase;
			buildActionMask = 2147483647;
			files = (
				FAF533E21DA604EC00BBE2C7 /* PLANiTUITests.swift in Sources */,
			);
			runOnlyForDeploymentPostprocessing = 0;
		};
/* End PBXSourcesBuildPhase section */

/* Begin PBXTargetDependency section */
		FAF533D41DA604EC00BBE2C7 /* PBXTargetDependency */ = {
			isa = PBXTargetDependency;
			target = FAF533BD1DA604EC00BBE2C7 /* PLANiT */;
			targetProxy = FAF533D31DA604EC00BBE2C7 /* PBXContainerItemProxy */;
		};
		FAF533DF1DA604EC00BBE2C7 /* PBXTargetDependency */ = {
			isa = PBXTargetDependency;
			target = FAF533BD1DA604EC00BBE2C7 /* PLANiT */;
			targetProxy = FAF533DE1DA604EC00BBE2C7 /* PBXContainerItemProxy */;
		};
/* End PBXTargetDependency section */

/* Begin PBXVariantGroup section */
		FA2D13C01E21A13F008CE66A /* Main.storyboard */ = {
			isa = PBXVariantGroup;
			children = (
				FA2D13C11E21A13F008CE66A /* Base */,
			);
			name = Main.storyboard;
			sourceTree = "<group>";
		};
		FA2D13C71E21A646008CE66A /* OverlayView.xib */ = {
			isa = PBXVariantGroup;
			children = (
				FA2D13C61E21A646008CE66A /* Base */,
			);
			name = OverlayView.xib;
			path = "../../../Downloads/Koloda-master/Example/Koloda";
			sourceTree = "<group>";
		};
		FAF533CA1DA604EC00BBE2C7 /* LaunchScreen.storyboard */ = {
			isa = PBXVariantGroup;
			children = (
				FAF533CB1DA604EC00BBE2C7 /* Base */,
			);
			name = LaunchScreen.storyboard;
			sourceTree = "<group>";
		};
/* End PBXVariantGroup section */

/* Begin XCBuildConfiguration section */
		FAF533E41DA604EC00BBE2C7 /* Debug */ = {
			isa = XCBuildConfiguration;
			buildSettings = {
				ALWAYS_SEARCH_USER_PATHS = NO;
				CLANG_ANALYZER_NONNULL = YES;
				CLANG_CXX_LANGUAGE_STANDARD = "gnu++0x";
				CLANG_CXX_LIBRARY = "libc++";
				CLANG_ENABLE_MODULES = YES;
				CLANG_ENABLE_OBJC_ARC = YES;
				CLANG_WARN_BOOL_CONVERSION = YES;
				CLANG_WARN_CONSTANT_CONVERSION = YES;
				CLANG_WARN_DIRECT_OBJC_ISA_USAGE = YES_ERROR;
				CLANG_WARN_DOCUMENTATION_COMMENTS = YES;
				CLANG_WARN_EMPTY_BODY = YES;
				CLANG_WARN_ENUM_CONVERSION = YES;
				CLANG_WARN_INFINITE_RECURSION = YES;
				CLANG_WARN_INT_CONVERSION = YES;
				CLANG_WARN_OBJC_ROOT_CLASS = YES_ERROR;
				CLANG_WARN_SUSPICIOUS_MOVE = YES;
				CLANG_WARN_SUSPICIOUS_MOVES = YES;
				CLANG_WARN_UNREACHABLE_CODE = YES;
				CLANG_WARN__DUPLICATE_METHOD_MATCH = YES;
				"CODE_SIGN_IDENTITY[sdk=iphoneos*]" = "iPhone Developer";
				COPY_PHASE_STRIP = NO;
				DEBUG_INFORMATION_FORMAT = dwarf;
				ENABLE_STRICT_OBJC_MSGSEND = YES;
				ENABLE_TESTABILITY = YES;
				GCC_C_LANGUAGE_STANDARD = gnu99;
				GCC_DYNAMIC_NO_PIC = NO;
				GCC_NO_COMMON_BLOCKS = YES;
				GCC_OPTIMIZATION_LEVEL = 0;
				GCC_PREPROCESSOR_DEFINITIONS = (
					"DEBUG=1",
					"$(inherited)",
				);
				GCC_WARN_64_TO_32_BIT_CONVERSION = YES;
				GCC_WARN_ABOUT_RETURN_TYPE = YES_ERROR;
				GCC_WARN_UNDECLARED_SELECTOR = YES;
				GCC_WARN_UNINITIALIZED_AUTOS = YES_AGGRESSIVE;
				GCC_WARN_UNUSED_FUNCTION = YES;
				GCC_WARN_UNUSED_VARIABLE = YES;
				IPHONEOS_DEPLOYMENT_TARGET = 10.0;
				MTL_ENABLE_DEBUG_INFO = YES;
				ONLY_ACTIVE_ARCH = YES;
				SDKROOT = iphoneos;
				SWIFT_ACTIVE_COMPILATION_CONDITIONS = DEBUG;
				SWIFT_OPTIMIZATION_LEVEL = "-Onone";
				TARGETED_DEVICE_FAMILY = "1,2";
			};
			name = Debug;
		};
		FAF533E51DA604EC00BBE2C7 /* Release */ = {
			isa = XCBuildConfiguration;
			buildSettings = {
				ALWAYS_SEARCH_USER_PATHS = NO;
				CLANG_ANALYZER_NONNULL = YES;
				CLANG_CXX_LANGUAGE_STANDARD = "gnu++0x";
				CLANG_CXX_LIBRARY = "libc++";
				CLANG_ENABLE_MODULES = YES;
				CLANG_ENABLE_OBJC_ARC = YES;
				CLANG_WARN_BOOL_CONVERSION = YES;
				CLANG_WARN_CONSTANT_CONVERSION = YES;
				CLANG_WARN_DIRECT_OBJC_ISA_USAGE = YES_ERROR;
				CLANG_WARN_DOCUMENTATION_COMMENTS = YES;
				CLANG_WARN_EMPTY_BODY = YES;
				CLANG_WARN_ENUM_CONVERSION = YES;
				CLANG_WARN_INFINITE_RECURSION = YES;
				CLANG_WARN_INT_CONVERSION = YES;
				CLANG_WARN_OBJC_ROOT_CLASS = YES_ERROR;
				CLANG_WARN_SUSPICIOUS_MOVE = YES;
				CLANG_WARN_SUSPICIOUS_MOVES = YES;
				CLANG_WARN_UNREACHABLE_CODE = YES;
				CLANG_WARN__DUPLICATE_METHOD_MATCH = YES;
				"CODE_SIGN_IDENTITY[sdk=iphoneos*]" = "iPhone Developer";
				COPY_PHASE_STRIP = NO;
				DEBUG_INFORMATION_FORMAT = "dwarf-with-dsym";
				ENABLE_NS_ASSERTIONS = NO;
				ENABLE_STRICT_OBJC_MSGSEND = YES;
				GCC_C_LANGUAGE_STANDARD = gnu99;
				GCC_NO_COMMON_BLOCKS = YES;
				GCC_WARN_64_TO_32_BIT_CONVERSION = YES;
				GCC_WARN_ABOUT_RETURN_TYPE = YES_ERROR;
				GCC_WARN_UNDECLARED_SELECTOR = YES;
				GCC_WARN_UNINITIALIZED_AUTOS = YES_AGGRESSIVE;
				GCC_WARN_UNUSED_FUNCTION = YES;
				GCC_WARN_UNUSED_VARIABLE = YES;
				IPHONEOS_DEPLOYMENT_TARGET = 10.0;
				MTL_ENABLE_DEBUG_INFO = NO;
				SDKROOT = iphoneos;
				SWIFT_OPTIMIZATION_LEVEL = "-Owholemodule";
				TARGETED_DEVICE_FAMILY = "1,2";
				VALIDATE_PRODUCT = YES;
			};
			name = Release;
		};
		FAF533E71DA604EC00BBE2C7 /* Debug */ = {
			isa = XCBuildConfiguration;
			baseConfigurationReference = C69A412305697ED2E34BB28E /* Pods-PLANiT.debug.xcconfig */;
			buildSettings = {
				ASSETCATALOG_COMPILER_APPICON_NAME = AppIcon;
				INFOPLIST_FILE = PLANiT/Info.plist;
				LD_RUNPATH_SEARCH_PATHS = "$(inherited) @executable_path/Frameworks";
				PRODUCT_BUNDLE_IDENTIFIER = com.example.PLANiT;
				PRODUCT_NAME = "$(TARGET_NAME)";
				SWIFT_VERSION = 3.0;
			};
			name = Debug;
		};
		FAF533E81DA604EC00BBE2C7 /* Release */ = {
			isa = XCBuildConfiguration;
			baseConfigurationReference = 76F59E6D5C92054DE0D7F972 /* Pods-PLANiT.release.xcconfig */;
			buildSettings = {
				ASSETCATALOG_COMPILER_APPICON_NAME = AppIcon;
				INFOPLIST_FILE = PLANiT/Info.plist;
				LD_RUNPATH_SEARCH_PATHS = "$(inherited) @executable_path/Frameworks";
				PRODUCT_BUNDLE_IDENTIFIER = com.example.PLANiT;
				PRODUCT_NAME = "$(TARGET_NAME)";
				SWIFT_VERSION = 3.0;
			};
			name = Release;
		};
		FAF533EA1DA604EC00BBE2C7 /* Debug */ = {
			isa = XCBuildConfiguration;
			baseConfigurationReference = 25F8F67D386AF63599D59F73 /* Pods-PLANiTTests.debug.xcconfig */;
			buildSettings = {
				ALWAYS_EMBED_SWIFT_STANDARD_LIBRARIES = YES;
				BUNDLE_LOADER = "$(TEST_HOST)";
				INFOPLIST_FILE = PLANiTTests/Info.plist;
				LD_RUNPATH_SEARCH_PATHS = "$(inherited) @executable_path/Frameworks @loader_path/Frameworks";
				PRODUCT_BUNDLE_IDENTIFIER = com.example.PLANiTTests;
				PRODUCT_NAME = "$(TARGET_NAME)";
				SWIFT_VERSION = 3.0;
				TEST_HOST = "$(BUILT_PRODUCTS_DIR)/PLANiT.app/PLANiT";
			};
			name = Debug;
		};
		FAF533EB1DA604EC00BBE2C7 /* Release */ = {
			isa = XCBuildConfiguration;
			baseConfigurationReference = 998E426B901C02082F148A5A /* Pods-PLANiTTests.release.xcconfig */;
			buildSettings = {
				ALWAYS_EMBED_SWIFT_STANDARD_LIBRARIES = YES;
				BUNDLE_LOADER = "$(TEST_HOST)";
				INFOPLIST_FILE = PLANiTTests/Info.plist;
				LD_RUNPATH_SEARCH_PATHS = "$(inherited) @executable_path/Frameworks @loader_path/Frameworks";
				PRODUCT_BUNDLE_IDENTIFIER = com.example.PLANiTTests;
				PRODUCT_NAME = "$(TARGET_NAME)";
				SWIFT_VERSION = 3.0;
				TEST_HOST = "$(BUILT_PRODUCTS_DIR)/PLANiT.app/PLANiT";
			};
			name = Release;
		};
		FAF533ED1DA604EC00BBE2C7 /* Debug */ = {
			isa = XCBuildConfiguration;
			baseConfigurationReference = E68314B9631BF6A815294655 /* Pods-PLANiTUITests.debug.xcconfig */;
			buildSettings = {
				ALWAYS_EMBED_SWIFT_STANDARD_LIBRARIES = YES;
				INFOPLIST_FILE = PLANiTUITests/Info.plist;
				LD_RUNPATH_SEARCH_PATHS = "$(inherited) @executable_path/Frameworks @loader_path/Frameworks";
				PRODUCT_BUNDLE_IDENTIFIER = com.example.PLANiTUITests;
				PRODUCT_NAME = "$(TARGET_NAME)";
				SWIFT_VERSION = 3.0;
				TEST_TARGET_NAME = PLANiT;
			};
			name = Debug;
		};
		FAF533EE1DA604EC00BBE2C7 /* Release */ = {
			isa = XCBuildConfiguration;
			baseConfigurationReference = 573B1193B68B00D63CB99598 /* Pods-PLANiTUITests.release.xcconfig */;
			buildSettings = {
				ALWAYS_EMBED_SWIFT_STANDARD_LIBRARIES = YES;
				INFOPLIST_FILE = PLANiTUITests/Info.plist;
				LD_RUNPATH_SEARCH_PATHS = "$(inherited) @executable_path/Frameworks @loader_path/Frameworks";
				PRODUCT_BUNDLE_IDENTIFIER = com.example.PLANiTUITests;
				PRODUCT_NAME = "$(TARGET_NAME)";
				SWIFT_VERSION = 3.0;
				TEST_TARGET_NAME = PLANiT;
			};
			name = Release;
		};
/* End XCBuildConfiguration section */

/* Begin XCConfigurationList section */
		FAF533B91DA604EC00BBE2C7 /* Build configuration list for PBXProject "PLANiT" */ = {
			isa = XCConfigurationList;
			buildConfigurations = (
				FAF533E41DA604EC00BBE2C7 /* Debug */,
				FAF533E51DA604EC00BBE2C7 /* Release */,
			);
			defaultConfigurationIsVisible = 0;
			defaultConfigurationName = Release;
		};
		FAF533E61DA604EC00BBE2C7 /* Build configuration list for PBXNativeTarget "PLANiT" */ = {
			isa = XCConfigurationList;
			buildConfigurations = (
				FAF533E71DA604EC00BBE2C7 /* Debug */,
				FAF533E81DA604EC00BBE2C7 /* Release */,
			);
			defaultConfigurationIsVisible = 0;
			defaultConfigurationName = Release;
		};
		FAF533E91DA604EC00BBE2C7 /* Build configuration list for PBXNativeTarget "PLANiTTests" */ = {
			isa = XCConfigurationList;
			buildConfigurations = (
				FAF533EA1DA604EC00BBE2C7 /* Debug */,
				FAF533EB1DA604EC00BBE2C7 /* Release */,
			);
			defaultConfigurationIsVisible = 0;
			defaultConfigurationName = Release;
		};
		FAF533EC1DA604EC00BBE2C7 /* Build configuration list for PBXNativeTarget "PLANiTUITests" */ = {
			isa = XCConfigurationList;
			buildConfigurations = (
				FAF533ED1DA604EC00BBE2C7 /* Debug */,
				FAF533EE1DA604EC00BBE2C7 /* Release */,
			);
			defaultConfigurationIsVisible = 0;
			defaultConfigurationName = Release;
		};
/* End XCConfigurationList section */
	};
	rootObject = FAF533B61DA604EC00BBE2C7 /* Project object */;
}
