// !$*UTF8*$!
{
	archiveVersion = 1;
	classes = {
	};
	objectVersion = 46;
	objects = {

/* Begin PBXBuildFile section */
		FA5A15621DB14E1200D70483 /* VotingViewController.swift in Sources */ = {isa = PBXBuildFile; fileRef = FA5A15611DB14E1200D70483 /* VotingViewController.swift */; };
		FA93E57A1DAC53F400631767 /* SignUpViewController.swift in Sources */ = {isa = PBXBuildFile; fileRef = FA93E5791DAC53F400631767 /* SignUpViewController.swift */; };
		FA9599FC1E063E4600D1B7D6 /* rankingViewController.swift in Sources */ = {isa = PBXBuildFile; fileRef = FA9599FB1E063E4500D1B7D6 /* rankingViewController.swift */; };
		FAA68BC41DECF368000FB313 /* ExistingTripTableViewCell.swift in Sources */ = {isa = PBXBuildFile; fileRef = FAA68BC31DECF368000FB313 /* ExistingTripTableViewCell.swift */; };
		FAA68BC61DECFB0D000FB313 /* TripDataModel.swift in Sources */ = {isa = PBXBuildFile; fileRef = FAA68BC51DECFB0D000FB313 /* TripDataModel.swift */; };
		FAA68BC91DECFE6B000FB313 /* TripLibraryAPI.swift in Sources */ = {isa = PBXBuildFile; fileRef = FAA68BC81DECFE6B000FB313 /* TripLibraryAPI.swift */; };
		FAA68BCB1DECFECF000FB313 /* PersistencyManager.swift in Sources */ = {isa = PBXBuildFile; fileRef = FAA68BCA1DECFECF000FB313 /* PersistencyManager.swift */; };
		FAA68BCD1DEE54A5000FB313 /* HTTPClient.swift in Sources */ = {isa = PBXBuildFile; fileRef = FAA68BCC1DEE54A5000FB313 /* HTTPClient.swift */; };
		FAC95ED41DAD70AC006CD790 /* TripListViewController.swift in Sources */ = {isa = PBXBuildFile; fileRef = FAC95ED31DAD70AC006CD790 /* TripListViewController.swift */; };
		FAD8903D1DB5C0F500753FC9 /* PreliminaryResultsViewController.swift in Sources */ = {isa = PBXBuildFile; fileRef = FAD8903C1DB5C0F500753FC9 /* PreliminaryResultsViewController.swift */; };
		FAD8903F1DB5C13200753FC9 /* AccomodationsViewController.swift in Sources */ = {isa = PBXBuildFile; fileRef = FAD8903E1DB5C13200753FC9 /* AccomodationsViewController.swift */; };
		FAD890411DB5C18800753FC9 /* BudgetViewController.swift in Sources */ = {isa = PBXBuildFile; fileRef = FAD890401DB5C18800753FC9 /* BudgetViewController.swift */; };
		FAD890431DB5C1AD00753FC9 /* OptionalPreferencesViewController.swift in Sources */ = {isa = PBXBuildFile; fileRef = FAD890421DB5C1AD00753FC9 /* OptionalPreferencesViewController.swift */; };
		FAD890451DB5C21400753FC9 /* ActivitiesViewController.swift in Sources */ = {isa = PBXBuildFile; fileRef = FAD890441DB5C21400753FC9 /* ActivitiesViewController.swift */; };
		FAD890471DB5C25000753FC9 /* TravelerDetailsViewController.swift in Sources */ = {isa = PBXBuildFile; fileRef = FAD890461DB5C25000753FC9 /* TravelerDetailsViewController.swift */; };
		FAD890491DB5C27800753FC9 /* CalendarViewController.swift in Sources */ = {isa = PBXBuildFile; fileRef = FAD890481DB5C27800753FC9 /* CalendarViewController.swift */; };
		FAD8904B1DB5C2AF00753FC9 /* NewTripNameViewController.swift in Sources */ = {isa = PBXBuildFile; fileRef = FAD8904A1DB5C2AF00753FC9 /* NewTripNameViewController.swift */; };
		FAD8904D1DB5C2E100753FC9 /* BookingViewController.swift in Sources */ = {isa = PBXBuildFile; fileRef = FAD8904C1DB5C2E100753FC9 /* BookingViewController.swift */; };
		FAD8904F1DB70AE700753FC9 /* DataContainerSingleton.swift in Sources */ = {isa = PBXBuildFile; fileRef = FAD8904E1DB70AE700753FC9 /* DataContainerSingleton.swift */; };
		FAE518181DB1920D00177731 /* SettingsViewController.swift in Sources */ = {isa = PBXBuildFile; fileRef = FAE518171DB1920D00177731 /* SettingsViewController.swift */; };
		FAEF024F1DB5828800D4EF78 /* groupRankingViewController.swift in Sources */ = {isa = PBXBuildFile; fileRef = FAEF024E1DB5828800D4EF78 /* groupRankingViewController.swift */; };
		FAF533C21DA604EC00BBE2C7 /* AppDelegate.swift in Sources */ = {isa = PBXBuildFile; fileRef = FAF533C11DA604EC00BBE2C7 /* AppDelegate.swift */; };
		FAF533C41DA604EC00BBE2C7 /* LoginViewController.swift in Sources */ = {isa = PBXBuildFile; fileRef = FAF533C31DA604EC00BBE2C7 /* LoginViewController.swift */; };
		FAF533C71DA604EC00BBE2C7 /* Main.storyboard in Resources */ = {isa = PBXBuildFile; fileRef = FAF533C51DA604EC00BBE2C7 /* Main.storyboard */; };
		FAF533C91DA604EC00BBE2C7 /* Assets.xcassets in Resources */ = {isa = PBXBuildFile; fileRef = FAF533C81DA604EC00BBE2C7 /* Assets.xcassets */; };
		FAF533CC1DA604EC00BBE2C7 /* LaunchScreen.storyboard in Resources */ = {isa = PBXBuildFile; fileRef = FAF533CA1DA604EC00BBE2C7 /* LaunchScreen.storyboard */; };
		FAF533D71DA604EC00BBE2C7 /* PLANiTTests.swift in Sources */ = {isa = PBXBuildFile; fileRef = FAF533D61DA604EC00BBE2C7 /* PLANiTTests.swift */; };
		FAF533E21DA604EC00BBE2C7 /* PLANiTUITests.swift in Sources */ = {isa = PBXBuildFile; fileRef = FAF533E11DA604EC00BBE2C7 /* PLANiTUITests.swift */; };
		FAFE83771E07362E00062A12 /* schema.json in Resources */ = {isa = PBXBuildFile; fileRef = FAFE83761E07362E00062A12 /* schema.json */; };
		FAFE837A1E0736B900062A12 /* API.swift in Sources */ = {isa = PBXBuildFile; fileRef = FAFE83791E0736B900062A12 /* API.swift */; };
		FAFE837C1E0737D100062A12 /* CreateNewUser.graphql in Resources */ = {isa = PBXBuildFile; fileRef = FAFE837B1E0737D100062A12 /* CreateNewUser.graphql */; };
		FAFE83811E07399200062A12 /* GetTrip.graphql in Resources */ = {isa = PBXBuildFile; fileRef = FAFE83801E07399200062A12 /* GetTrip.graphql */; };
/* End PBXBuildFile section */

/* Begin PBXContainerItemProxy section */
		FAF533D31DA604EC00BBE2C7 /* PBXContainerItemProxy */ = {
			isa = PBXContainerItemProxy;
			containerPortal = FAF533B61DA604EC00BBE2C7 /* Project object */;
			proxyType = 1;
			remoteGlobalIDString = FAF533BD1DA604EC00BBE2C7;
			remoteInfo = PLANiT;
		};
		FAF533DE1DA604EC00BBE2C7 /* PBXContainerItemProxy */ = {
			isa = PBXContainerItemProxy;
			containerPortal = FAF533B61DA604EC00BBE2C7 /* Project object */;
			proxyType = 1;
			remoteGlobalIDString = FAF533BD1DA604EC00BBE2C7;
			remoteInfo = PLANiT;
		};
		FAFE83941E0743E700062A12 /* PBXContainerItemProxy */ = {
			isa = PBXContainerItemProxy;
			containerPortal = FAFE838A1E0743E700062A12 /* Apollo.xcodeproj */;
			proxyType = 2;
			remoteGlobalIDString = 9FC750441D2A532C00458D91;
			remoteInfo = "Apollo iOS";
		};
		FAFE83961E0743E700062A12 /* PBXContainerItemProxy */ = {
			isa = PBXContainerItemProxy;
			containerPortal = FAFE838A1E0743E700062A12 /* Apollo.xcodeproj */;
			proxyType = 2;
			remoteGlobalIDString = 9FC7504E1D2A532D00458D91;
			remoteInfo = "ApolloTests iOS";
		};
		FAFE83981E0743E700062A12 /* PBXContainerItemProxy */ = {
			isa = PBXContainerItemProxy;
			containerPortal = FAFE838A1E0743E700062A12 /* Apollo.xcodeproj */;
			proxyType = 2;
			remoteGlobalIDString = 3C4DBCD11DD21C9D005B61D0;
			remoteInfo = "Apollo watchOS";
		};
		FAFE839A1E0743E700062A12 /* PBXContainerItemProxy */ = {
			isa = PBXContainerItemProxy;
			containerPortal = FAFE838A1E0743E700062A12 /* Apollo.xcodeproj */;
			proxyType = 2;
			remoteGlobalIDString = 3C4DBCDE1DD21CEF005B61D0;
			remoteInfo = "Apollo tvOS";
		};
		FAFE839C1E0743E700062A12 /* PBXContainerItemProxy */ = {
			isa = PBXContainerItemProxy;
			containerPortal = FAFE838A1E0743E700062A12 /* Apollo.xcodeproj */;
			proxyType = 2;
			remoteGlobalIDString = 3C4DBCE61DD21CF0005B61D0;
			remoteInfo = "ApolloTests tvOS";
		};
		FAFE839E1E0743E700062A12 /* PBXContainerItemProxy */ = {
			isa = PBXContainerItemProxy;
			containerPortal = FAFE838A1E0743E700062A12 /* Apollo.xcodeproj */;
			proxyType = 2;
			remoteGlobalIDString = 3C4DBCFA1DD21D53005B61D0;
			remoteInfo = "Apollo macOS";
		};
		FAFE83A01E0743E700062A12 /* PBXContainerItemProxy */ = {
			isa = PBXContainerItemProxy;
			containerPortal = FAFE838A1E0743E700062A12 /* Apollo.xcodeproj */;
			proxyType = 2;
			remoteGlobalIDString = 3C4DBD021DD21D53005B61D0;
			remoteInfo = "ApolloTests macOS";
		};
/* End PBXContainerItemProxy section */

/* Begin PBXFileReference section */
		FA5A15611DB14E1200D70483 /* VotingViewController.swift */ = {isa = PBXFileReference; fileEncoding = 4; lastKnownFileType = sourcecode.swift; path = VotingViewController.swift; sourceTree = "<group>"; };
		FA93E5791DAC53F400631767 /* SignUpViewController.swift */ = {isa = PBXFileReference; fileEncoding = 4; lastKnownFileType = sourcecode.swift; path = SignUpViewController.swift; sourceTree = "<group>"; };
		FA9599FB1E063E4500D1B7D6 /* rankingViewController.swift */ = {isa = PBXFileReference; fileEncoding = 4; lastKnownFileType = sourcecode.swift; path = rankingViewController.swift; sourceTree = "<group>"; };
		FAA68BC31DECF368000FB313 /* ExistingTripTableViewCell.swift */ = {isa = PBXFileReference; fileEncoding = 4; lastKnownFileType = sourcecode.swift; path = ExistingTripTableViewCell.swift; sourceTree = "<group>"; };
		FAA68BC51DECFB0D000FB313 /* TripDataModel.swift */ = {isa = PBXFileReference; fileEncoding = 4; lastKnownFileType = sourcecode.swift; path = TripDataModel.swift; sourceTree = "<group>"; };
		FAA68BC81DECFE6B000FB313 /* TripLibraryAPI.swift */ = {isa = PBXFileReference; fileEncoding = 4; lastKnownFileType = sourcecode.swift; path = TripLibraryAPI.swift; sourceTree = "<group>"; };
		FAA68BCA1DECFECF000FB313 /* PersistencyManager.swift */ = {isa = PBXFileReference; fileEncoding = 4; lastKnownFileType = sourcecode.swift; path = PersistencyManager.swift; sourceTree = "<group>"; };
		FAA68BCC1DEE54A5000FB313 /* HTTPClient.swift */ = {isa = PBXFileReference; fileEncoding = 4; lastKnownFileType = sourcecode.swift; path = HTTPClient.swift; sourceTree = "<group>"; };
		FAC95ED31DAD70AC006CD790 /* TripListViewController.swift */ = {isa = PBXFileReference; fileEncoding = 4; lastKnownFileType = sourcecode.swift; path = TripListViewController.swift; sourceTree = "<group>"; };
		FAD8903C1DB5C0F500753FC9 /* PreliminaryResultsViewController.swift */ = {isa = PBXFileReference; fileEncoding = 4; lastKnownFileType = sourcecode.swift; path = PreliminaryResultsViewController.swift; sourceTree = "<group>"; };
		FAD8903E1DB5C13200753FC9 /* AccomodationsViewController.swift */ = {isa = PBXFileReference; fileEncoding = 4; lastKnownFileType = sourcecode.swift; path = AccomodationsViewController.swift; sourceTree = "<group>"; };
		FAD890401DB5C18800753FC9 /* BudgetViewController.swift */ = {isa = PBXFileReference; fileEncoding = 4; lastKnownFileType = sourcecode.swift; path = BudgetViewController.swift; sourceTree = "<group>"; };
		FAD890421DB5C1AD00753FC9 /* OptionalPreferencesViewController.swift */ = {isa = PBXFileReference; fileEncoding = 4; lastKnownFileType = sourcecode.swift; path = OptionalPreferencesViewController.swift; sourceTree = "<group>"; };
		FAD890441DB5C21400753FC9 /* ActivitiesViewController.swift */ = {isa = PBXFileReference; fileEncoding = 4; lastKnownFileType = sourcecode.swift; path = ActivitiesViewController.swift; sourceTree = "<group>"; };
		FAD890461DB5C25000753FC9 /* TravelerDetailsViewController.swift */ = {isa = PBXFileReference; fileEncoding = 4; lastKnownFileType = sourcecode.swift; path = TravelerDetailsViewController.swift; sourceTree = "<group>"; };
		FAD890481DB5C27800753FC9 /* CalendarViewController.swift */ = {isa = PBXFileReference; fileEncoding = 4; lastKnownFileType = sourcecode.swift; path = CalendarViewController.swift; sourceTree = "<group>"; };
		FAD8904A1DB5C2AF00753FC9 /* NewTripNameViewController.swift */ = {isa = PBXFileReference; fileEncoding = 4; lastKnownFileType = sourcecode.swift; path = NewTripNameViewController.swift; sourceTree = "<group>"; };
		FAD8904C1DB5C2E100753FC9 /* BookingViewController.swift */ = {isa = PBXFileReference; fileEncoding = 4; lastKnownFileType = sourcecode.swift; path = BookingViewController.swift; sourceTree = "<group>"; };
		FAD8904E1DB70AE700753FC9 /* DataContainerSingleton.swift */ = {isa = PBXFileReference; fileEncoding = 4; lastKnownFileType = sourcecode.swift; path = DataContainerSingleton.swift; sourceTree = "<group>"; };
		FAE518171DB1920D00177731 /* SettingsViewController.swift */ = {isa = PBXFileReference; fileEncoding = 4; lastKnownFileType = sourcecode.swift; path = SettingsViewController.swift; sourceTree = "<group>"; };
		FAEF024E1DB5828800D4EF78 /* groupRankingViewController.swift */ = {isa = PBXFileReference; fileEncoding = 4; lastKnownFileType = sourcecode.swift; path = groupRankingViewController.swift; sourceTree = "<group>"; };
		FAF533BE1DA604EC00BBE2C7 /* PLANiT.app */ = {isa = PBXFileReference; explicitFileType = wrapper.application; includeInIndex = 0; path = PLANiT.app; sourceTree = BUILT_PRODUCTS_DIR; };
		FAF533C11DA604EC00BBE2C7 /* AppDelegate.swift */ = {isa = PBXFileReference; lastKnownFileType = sourcecode.swift; path = AppDelegate.swift; sourceTree = "<group>"; };
		FAF533C31DA604EC00BBE2C7 /* LoginViewController.swift */ = {isa = PBXFileReference; lastKnownFileType = sourcecode.swift; path = LoginViewController.swift; sourceTree = "<group>"; };
		FAF533C61DA604EC00BBE2C7 /* Base */ = {isa = PBXFileReference; lastKnownFileType = file.storyboard; name = Base; path = Base.lproj/Main.storyboard; sourceTree = "<group>"; };
		FAF533C81DA604EC00BBE2C7 /* Assets.xcassets */ = {isa = PBXFileReference; lastKnownFileType = folder.assetcatalog; path = Assets.xcassets; sourceTree = "<group>"; };
		FAF533CB1DA604EC00BBE2C7 /* Base */ = {isa = PBXFileReference; lastKnownFileType = file.storyboard; name = Base; path = Base.lproj/LaunchScreen.storyboard; sourceTree = "<group>"; };
		FAF533CD1DA604EC00BBE2C7 /* Info.plist */ = {isa = PBXFileReference; lastKnownFileType = text.plist.xml; path = Info.plist; sourceTree = "<group>"; };
		FAF533D21DA604EC00BBE2C7 /* PLANiTTests.xctest */ = {isa = PBXFileReference; explicitFileType = wrapper.cfbundle; includeInIndex = 0; path = PLANiTTests.xctest; sourceTree = BUILT_PRODUCTS_DIR; };
		FAF533D61DA604EC00BBE2C7 /* PLANiTTests.swift */ = {isa = PBXFileReference; lastKnownFileType = sourcecode.swift; path = PLANiTTests.swift; sourceTree = "<group>"; };
		FAF533D81DA604EC00BBE2C7 /* Info.plist */ = {isa = PBXFileReference; lastKnownFileType = text.plist.xml; path = Info.plist; sourceTree = "<group>"; };
		FAF533DD1DA604EC00BBE2C7 /* PLANiTUITests.xctest */ = {isa = PBXFileReference; explicitFileType = wrapper.cfbundle; includeInIndex = 0; path = PLANiTUITests.xctest; sourceTree = BUILT_PRODUCTS_DIR; };
		FAF533E11DA604EC00BBE2C7 /* PLANiTUITests.swift */ = {isa = PBXFileReference; lastKnownFileType = sourcecode.swift; path = PLANiTUITests.swift; sourceTree = "<group>"; };
		FAF533E31DA604EC00BBE2C7 /* Info.plist */ = {isa = PBXFileReference; lastKnownFileType = text.plist.xml; path = Info.plist; sourceTree = "<group>"; };
		FAFE83761E07362E00062A12 /* schema.json */ = {isa = PBXFileReference; fileEncoding = 4; lastKnownFileType = text.json; path = schema.json; sourceTree = "<group>"; };
		FAFE83791E0736B900062A12 /* API.swift */ = {isa = PBXFileReference; fileEncoding = 4; lastKnownFileType = sourcecode.swift; path = API.swift; sourceTree = "<group>"; };
		FAFE837B1E0737D100062A12 /* CreateNewUser.graphql */ = {isa = PBXFileReference; fileEncoding = 4; lastKnownFileType = text; path = CreateNewUser.graphql; sourceTree = "<group>"; };
		FAFE83801E07399200062A12 /* GetTrip.graphql */ = {isa = PBXFileReference; fileEncoding = 4; lastKnownFileType = text; path = GetTrip.graphql; sourceTree = "<group>"; };
		FAFE838A1E0743E700062A12 /* Apollo.xcodeproj */ = {isa = PBXFileReference; lastKnownFileType = "wrapper.pb-project"; name = Apollo.xcodeproj; path = "apollo-ios-master/Apollo.xcodeproj"; sourceTree = "<group>"; };
/* End PBXFileReference section */

/* Begin PBXFrameworksBuildPhase section */
		FAF533BB1DA604EC00BBE2C7 /* Frameworks */ = {
			isa = PBXFrameworksBuildPhase;
			buildActionMask = 2147483647;
			files = (
			);
			runOnlyForDeploymentPostprocessing = 0;
		};
		FAF533CF1DA604EC00BBE2C7 /* Frameworks */ = {
			isa = PBXFrameworksBuildPhase;
			buildActionMask = 2147483647;
			files = (
			);
			runOnlyForDeploymentPostprocessing = 0;
		};
		FAF533DA1DA604EC00BBE2C7 /* Frameworks */ = {
			isa = PBXFrameworksBuildPhase;
			buildActionMask = 2147483647;
			files = (
			);
			runOnlyForDeploymentPostprocessing = 0;
		};
/* End PBXFrameworksBuildPhase section */

/* Begin PBXGroup section */
		C01D136C1E0730F100208D04 /* Frameworks */ = {
			isa = PBXGroup;
			children = (
				FAFE838A1E0743E700062A12 /* Apollo.xcodeproj */,
			);
			name = Frameworks;
			sourceTree = "<group>";
		};
		FAA68BC71DECFE2C000FB313 /* API */ = {
			isa = PBXGroup;
			children = (
				FAFE83791E0736B900062A12 /* API.swift */,
				FAA68BC81DECFE6B000FB313 /* TripLibraryAPI.swift */,
				FAA68BCA1DECFECF000FB313 /* PersistencyManager.swift */,
				FAA68BCC1DEE54A5000FB313 /* HTTPClient.swift */,
			);
			name = API;
			sourceTree = "<group>";
		};
		FAC95ED01DAD6B45006CD790 /* Transitions */ = {
			isa = PBXGroup;
			children = (
			);
			name = Transitions;
			sourceTree = "<group>";
		};
		FAF533B51DA604EC00BBE2C7 = {
			isa = PBXGroup;
			children = (
				FAA68BC31DECF368000FB313 /* ExistingTripTableViewCell.swift */,
				FAF533C01DA604EC00BBE2C7 /* PLANiT */,
				FAF533D51DA604EC00BBE2C7 /* PLANiTTests */,
				FAF533E01DA604EC00BBE2C7 /* PLANiTUITests */,
				FAF533BF1DA604EC00BBE2C7 /* Products */,
				C01D136C1E0730F100208D04 /* Frameworks */,
			);
			sourceTree = "<group>";
		};
		FAF533BF1DA604EC00BBE2C7 /* Products */ = {
			isa = PBXGroup;
			children = (
				FAF533BE1DA604EC00BBE2C7 /* PLANiT.app */,
				FAF533D21DA604EC00BBE2C7 /* PLANiTTests.xctest */,
				FAF533DD1DA604EC00BBE2C7 /* PLANiTUITests.xctest */,
			);
			name = Products;
			sourceTree = "<group>";
		};
		FAF533C01DA604EC00BBE2C7 /* PLANiT */ = {
			isa = PBXGroup;
			children = (
				FAFE837D1E0737E200062A12 /* GraphQL */,
				FAFE83781E07363B00062A12 /* Schema */,
				FAA68BC71DECFE2C000FB313 /* API */,
				FAF533F41DA60C4700BBE2C7 /* Network */,
				FAC95ED01DAD6B45006CD790 /* Transitions */,
				FAF533F61DA60C5B00BBE2C7 /* Supporting Files */,
				FAF533EF1DA60B7200BBE2C7 /* App */,
				FAF533F01DA60BCD00BBE2C7 /* Controllers */,
				FAF533F11DA60BD800BBE2C7 /* Views */,
				FAF533F51DA60C4E00BBE2C7 /* Model */,
				FAF533F31DA60C1200BBE2C7 /* Resources */,
			);
			path = PLANiT;
			sourceTree = "<group>";
		};
		FAF533D51DA604EC00BBE2C7 /* PLANiTTests */ = {
			isa = PBXGroup;
			children = (
				FAF533D61DA604EC00BBE2C7 /* PLANiTTests.swift */,
				FAF533D81DA604EC00BBE2C7 /* Info.plist */,
			);
			path = PLANiTTests;
			sourceTree = "<group>";
		};
		FAF533E01DA604EC00BBE2C7 /* PLANiTUITests */ = {
			isa = PBXGroup;
			children = (
				FAF533E11DA604EC00BBE2C7 /* PLANiTUITests.swift */,
				FAF533E31DA604EC00BBE2C7 /* Info.plist */,
			);
			path = PLANiTUITests;
			sourceTree = "<group>";
		};
		FAF533EF1DA60B7200BBE2C7 /* App */ = {
			isa = PBXGroup;
			children = (
				FAF533C11DA604EC00BBE2C7 /* AppDelegate.swift */,
			);
			name = App;
			sourceTree = "<group>";
		};
		FAF533F01DA60BCD00BBE2C7 /* Controllers */ = {
			isa = PBXGroup;
			children = (
				FAF533C31DA604EC00BBE2C7 /* LoginViewController.swift */,
				FA93E5791DAC53F400631767 /* SignUpViewController.swift */,
				FAC95ED31DAD70AC006CD790 /* TripListViewController.swift */,
				FAE518171DB1920D00177731 /* SettingsViewController.swift */,
				FAD8904A1DB5C2AF00753FC9 /* NewTripNameViewController.swift */,
				FA5A15611DB14E1200D70483 /* VotingViewController.swift */,
				FAD8903C1DB5C0F500753FC9 /* PreliminaryResultsViewController.swift */,
				FAEF024E1DB5828800D4EF78 /* groupRankingViewController.swift */,
				FAD8903E1DB5C13200753FC9 /* AccomodationsViewController.swift */,
				FAD890401DB5C18800753FC9 /* BudgetViewController.swift */,
				FAD890421DB5C1AD00753FC9 /* OptionalPreferencesViewController.swift */,
				FAD890441DB5C21400753FC9 /* ActivitiesViewController.swift */,
				FAD890461DB5C25000753FC9 /* TravelerDetailsViewController.swift */,
				FAD890481DB5C27800753FC9 /* CalendarViewController.swift */,
				FAD8904C1DB5C2E100753FC9 /* BookingViewController.swift */,
				FA9599FB1E063E4500D1B7D6 /* rankingViewController.swift */,
			);
			name = Controllers;
			sourceTree = "<group>";
		};
		FAF533F11DA60BD800BBE2C7 /* Views */ = {
			isa = PBXGroup;
			children = (
				FAF533C51DA604EC00BBE2C7 /* Main.storyboard */,
				FAF533CA1DA604EC00BBE2C7 /* LaunchScreen.storyboard */,
			);
			name = Views;
			sourceTree = "<group>";
		};
		FAF533F31DA60C1200BBE2C7 /* Resources */ = {
			isa = PBXGroup;
			children = (
				FAF533C81DA604EC00BBE2C7 /* Assets.xcassets */,
			);
			name = Resources;
			sourceTree = "<group>";
		};
		FAF533F41DA60C4700BBE2C7 /* Network */ = {
			isa = PBXGroup;
			children = (
			);
			name = Network;
			sourceTree = "<group>";
		};
		FAF533F51DA60C4E00BBE2C7 /* Model */ = {
			isa = PBXGroup;
			children = (
				FAD8904E1DB70AE700753FC9 /* DataContainerSingleton.swift */,
				FAA68BC51DECFB0D000FB313 /* TripDataModel.swift */,
			);
			name = Model;
			sourceTree = "<group>";
		};
		FAF533F61DA60C5B00BBE2C7 /* Supporting Files */ = {
			isa = PBXGroup;
			children = (
				FAF533CD1DA604EC00BBE2C7 /* Info.plist */,
			);
			name = "Supporting Files";
			sourceTree = "<group>";
		};
		FAFE83781E07363B00062A12 /* Schema */ = {
			isa = PBXGroup;
			children = (
				FAFE83761E07362E00062A12 /* schema.json */,
			);
			name = Schema;
			sourceTree = "<group>";
		};
		FAFE837D1E0737E200062A12 /* GraphQL */ = {
			isa = PBXGroup;
			children = (
				FAFE837F1E07384A00062A12 /* Query */,
				FAFE837E1E07383600062A12 /* Mutation */,
			);
			name = GraphQL;
			sourceTree = "<group>";
		};
		FAFE837E1E07383600062A12 /* Mutation */ = {
			isa = PBXGroup;
			children = (
				FAFE837B1E0737D100062A12 /* CreateNewUser.graphql */,
			);
			name = Mutation;
			sourceTree = "<group>";
		};
		FAFE837F1E07384A00062A12 /* Query */ = {
			isa = PBXGroup;
			children = (
				FAFE83801E07399200062A12 /* GetTrip.graphql */,
			);
			name = Query;
			sourceTree = "<group>";
		};
		FAFE838B1E0743E700062A12 /* Products */ = {
			isa = PBXGroup;
			children = (
				FAFE83951E0743E700062A12 /* Apollo.framework */,
				FAFE83971E0743E700062A12 /* ApolloTests iOS.xctest */,
				FAFE83991E0743E700062A12 /* Apollo.framework */,
				FAFE839B1E0743E700062A12 /* Apollo.framework */,
				FAFE839D1E0743E700062A12 /* ApolloTests tvOS.xctest */,
				FAFE839F1E0743E700062A12 /* Apollo.framework */,
				FAFE83A11E0743E700062A12 /* ApolloTests macOS.xctest */,
			);
			name = Products;
			sourceTree = "<group>";
		};
/* End PBXGroup section */

/* Begin PBXNativeTarget section */
		FAF533BD1DA604EC00BBE2C7 /* PLANiT */ = {
			isa = PBXNativeTarget;
			buildConfigurationList = FAF533E61DA604EC00BBE2C7 /* Build configuration list for PBXNativeTarget "PLANiT" */;
			buildPhases = (
				C0DA098E1E0731E00016594E /* ShellScript */,
				FAF533BA1DA604EC00BBE2C7 /* Sources */,
				FAF533BB1DA604EC00BBE2C7 /* Frameworks */,
				FAF533BC1DA604EC00BBE2C7 /* Resources */,
			);
			buildRules = (
			);
			dependencies = (
			);
			name = PLANiT;
			productName = PLANiT;
			productReference = FAF533BE1DA604EC00BBE2C7 /* PLANiT.app */;
			productType = "com.apple.product-type.application";
		};
		FAF533D11DA604EC00BBE2C7 /* PLANiTTests */ = {
			isa = PBXNativeTarget;
			buildConfigurationList = FAF533E91DA604EC00BBE2C7 /* Build configuration list for PBXNativeTarget "PLANiTTests" */;
			buildPhases = (
				FAF533CE1DA604EC00BBE2C7 /* Sources */,
				FAF533CF1DA604EC00BBE2C7 /* Frameworks */,
				FAF533D01DA604EC00BBE2C7 /* Resources */,
			);
			buildRules = (
			);
			dependencies = (
				FAF533D41DA604EC00BBE2C7 /* PBXTargetDependency */,
			);
			name = PLANiTTests;
			productName = PLANiTTests;
			productReference = FAF533D21DA604EC00BBE2C7 /* PLANiTTests.xctest */;
			productType = "com.apple.product-type.bundle.unit-test";
		};
		FAF533DC1DA604EC00BBE2C7 /* PLANiTUITests */ = {
			isa = PBXNativeTarget;
			buildConfigurationList = FAF533EC1DA604EC00BBE2C7 /* Build configuration list for PBXNativeTarget "PLANiTUITests" */;
			buildPhases = (
				FAF533D91DA604EC00BBE2C7 /* Sources */,
				FAF533DA1DA604EC00BBE2C7 /* Frameworks */,
				FAF533DB1DA604EC00BBE2C7 /* Resources */,
			);
			buildRules = (
			);
			dependencies = (
				FAF533DF1DA604EC00BBE2C7 /* PBXTargetDependency */,
			);
			name = PLANiTUITests;
			productName = PLANiTUITests;
			productReference = FAF533DD1DA604EC00BBE2C7 /* PLANiTUITests.xctest */;
			productType = "com.apple.product-type.bundle.ui-testing";
		};
/* End PBXNativeTarget section */

/* Begin PBXProject section */
		FAF533B61DA604EC00BBE2C7 /* Project object */ = {
			isa = PBXProject;
			attributes = {
				LastSwiftUpdateCheck = 0800;
				LastUpgradeCheck = 0820;
				ORGANIZATIONNAME = "MICHAEL WURM";
				TargetAttributes = {
					FAF533BD1DA604EC00BBE2C7 = {
						CreatedOnToolsVersion = 8.0;
						ProvisioningStyle = Automatic;
					};
					FAF533D11DA604EC00BBE2C7 = {
						CreatedOnToolsVersion = 8.0;
						ProvisioningStyle = Automatic;
						TestTargetID = FAF533BD1DA604EC00BBE2C7;
					};
					FAF533DC1DA604EC00BBE2C7 = {
						CreatedOnToolsVersion = 8.0;
						ProvisioningStyle = Automatic;
						TestTargetID = FAF533BD1DA604EC00BBE2C7;
					};
				};
			};
			buildConfigurationList = FAF533B91DA604EC00BBE2C7 /* Build configuration list for PBXProject "PLANiT" */;
			compatibilityVersion = "Xcode 3.2";
			developmentRegion = English;
			hasScannedForEncodings = 0;
			knownRegions = (
				en,
				Base,
			);
			mainGroup = FAF533B51DA604EC00BBE2C7;
			productRefGroup = FAF533BF1DA604EC00BBE2C7 /* Products */;
			projectDirPath = "";
			projectReferences = (
				{
					ProductGroup = FAFE838B1E0743E700062A12 /* Products */;
					ProjectRef = FAFE838A1E0743E700062A12 /* Apollo.xcodeproj */;
				},
			);
			projectRoot = "";
			targets = (
				FAF533BD1DA604EC00BBE2C7 /* PLANiT */,
				FAF533D11DA604EC00BBE2C7 /* PLANiTTests */,
				FAF533DC1DA604EC00BBE2C7 /* PLANiTUITests */,
			);
		};
/* End PBXProject section */

/* Begin PBXReferenceProxy section */
		FAFE83951E0743E700062A12 /* Apollo.framework */ = {
			isa = PBXReferenceProxy;
			fileType = wrapper.framework;
			path = Apollo.framework;
			remoteRef = FAFE83941E0743E700062A12 /* PBXContainerItemProxy */;
			sourceTree = BUILT_PRODUCTS_DIR;
		};
		FAFE83971E0743E700062A12 /* ApolloTests iOS.xctest */ = {
			isa = PBXReferenceProxy;
			fileType = wrapper.cfbundle;
			path = "ApolloTests iOS.xctest";
			remoteRef = FAFE83961E0743E700062A12 /* PBXContainerItemProxy */;
			sourceTree = BUILT_PRODUCTS_DIR;
		};
		FAFE83991E0743E700062A12 /* Apollo.framework */ = {
			isa = PBXReferenceProxy;
			fileType = wrapper.framework;
			path = Apollo.framework;
			remoteRef = FAFE83981E0743E700062A12 /* PBXContainerItemProxy */;
			sourceTree = BUILT_PRODUCTS_DIR;
		};
		FAFE839B1E0743E700062A12 /* Apollo.framework */ = {
			isa = PBXReferenceProxy;
			fileType = wrapper.framework;
			path = Apollo.framework;
			remoteRef = FAFE839A1E0743E700062A12 /* PBXContainerItemProxy */;
			sourceTree = BUILT_PRODUCTS_DIR;
		};
		FAFE839D1E0743E700062A12 /* ApolloTests tvOS.xctest */ = {
			isa = PBXReferenceProxy;
			fileType = wrapper.cfbundle;
			path = "ApolloTests tvOS.xctest";
			remoteRef = FAFE839C1E0743E700062A12 /* PBXContainerItemProxy */;
			sourceTree = BUILT_PRODUCTS_DIR;
		};
		FAFE839F1E0743E700062A12 /* Apollo.framework */ = {
			isa = PBXReferenceProxy;
			fileType = wrapper.framework;
			path = Apollo.framework;
			remoteRef = FAFE839E1E0743E700062A12 /* PBXContainerItemProxy */;
			sourceTree = BUILT_PRODUCTS_DIR;
		};
		FAFE83A11E0743E700062A12 /* ApolloTests macOS.xctest */ = {
			isa = PBXReferenceProxy;
			fileType = wrapper.cfbundle;
			path = "ApolloTests macOS.xctest";
			remoteRef = FAFE83A01E0743E700062A12 /* PBXContainerItemProxy */;
			sourceTree = BUILT_PRODUCTS_DIR;
		};
/* End PBXReferenceProxy section */

/* Begin PBXResourcesBuildPhase section */
		FAF533BC1DA604EC00BBE2C7 /* Resources */ = {
			isa = PBXResourcesBuildPhase;
			buildActionMask = 2147483647;
			files = (
				FAFE83771E07362E00062A12 /* schema.json in Resources */,
				FAFE83811E07399200062A12 /* GetTrip.graphql in Resources */,
				FAF533CC1DA604EC00BBE2C7 /* LaunchScreen.storyboard in Resources */,
				FAFE837C1E0737D100062A12 /* CreateNewUser.graphql in Resources */,
				FAF533C91DA604EC00BBE2C7 /* Assets.xcassets in Resources */,
				FAF533C71DA604EC00BBE2C7 /* Main.storyboard in Resources */,
			);
			runOnlyForDeploymentPostprocessing = 0;
		};
		FAF533D01DA604EC00BBE2C7 /* Resources */ = {
			isa = PBXResourcesBuildPhase;
			buildActionMask = 2147483647;
			files = (
			);
			runOnlyForDeploymentPostprocessing = 0;
		};
		FAF533DB1DA604EC00BBE2C7 /* Resources */ = {
			isa = PBXResourcesBuildPhase;
			buildActionMask = 2147483647;
			files = (
			);
			runOnlyForDeploymentPostprocessing = 0;
		};
/* End PBXResourcesBuildPhase section */

/* Begin PBXShellScriptBuildPhase section */
		C0DA098E1E0731E00016594E /* ShellScript */ = {
			isa = PBXShellScriptBuildPhase;
			buildActionMask = 2147483647;
			files = (
			);
			inputPaths = (
			);
			outputPaths = (
			);
			runOnlyForDeploymentPostprocessing = 0;
			shellPath = /bin/sh;
			shellScript = "export PATH=\"/Users/sahilzubair/.npm-packages/bin:$PATH\"\nAPOLLO_FRAMEWORK_PATH=\"$(eval find $FRAMEWORK_SEARCH_PATHS -name \"Apollo.framework\" -maxdepth 1)\"\n\nif [ -z \"$APOLLO_FRAMEWORK_PATH\" ]; then\necho \"error: Couldn't find Apollo.framework in FRAMEWORK_SEARCH_PATHS; make sure to add the framework to your project.\"\nexit 1\nfi\n\ncd \"${SRCROOT}/${TARGET_NAME}\"\n$APOLLO_FRAMEWORK_PATH/check-and-run-apollo-codegen.sh generate $(find . -name '*.graphql') --schema schema.json --output API.swift\n";
		};
/* End PBXShellScriptBuildPhase section */

/* Begin PBXSourcesBuildPhase section */
		FAF533BA1DA604EC00BBE2C7 /* Sources */ = {
			isa = PBXSourcesBuildPhase;
			buildActionMask = 2147483647;
			files = (
				FAD890491DB5C27800753FC9 /* CalendarViewController.swift in Sources */,
				FAA68BC41DECF368000FB313 /* ExistingTripTableViewCell.swift in Sources */,
				FAC95ED41DAD70AC006CD790 /* TripListViewController.swift in Sources */,
				FAA68BC91DECFE6B000FB313 /* TripLibraryAPI.swift in Sources */,
				FAD890471DB5C25000753FC9 /* TravelerDetailsViewController.swift in Sources */,
				FA9599FC1E063E4600D1B7D6 /* rankingViewController.swift in Sources */,
				FAD8904B1DB5C2AF00753FC9 /* NewTripNameViewController.swift in Sources */,
				FAF533C41DA604EC00BBE2C7 /* LoginViewController.swift in Sources */,
				FAEF024F1DB5828800D4EF78 /* groupRankingViewController.swift in Sources */,
				FAD8903F1DB5C13200753FC9 /* AccomodationsViewController.swift in Sources */,
				FAD890451DB5C21400753FC9 /* ActivitiesViewController.swift in Sources */,
				FAE518181DB1920D00177731 /* SettingsViewController.swift in Sources */,
				FAA68BC61DECFB0D000FB313 /* TripDataModel.swift in Sources */,
				FAD890411DB5C18800753FC9 /* BudgetViewController.swift in Sources */,
				FAF533C21DA604EC00BBE2C7 /* AppDelegate.swift in Sources */,
				FAD8904D1DB5C2E100753FC9 /* BookingViewController.swift in Sources */,
				FA5A15621DB14E1200D70483 /* VotingViewController.swift in Sources */,
				FAD8904F1DB70AE700753FC9 /* DataContainerSingleton.swift in Sources */,
				FA93E57A1DAC53F400631767 /* SignUpViewController.swift in Sources */,
				FAD890431DB5C1AD00753FC9 /* OptionalPreferencesViewController.swift in Sources */,
				FAD8903D1DB5C0F500753FC9 /* PreliminaryResultsViewController.swift in Sources */,
				FAA68BCD1DEE54A5000FB313 /* HTTPClient.swift in Sources */,
				FAFE837A1E0736B900062A12 /* API.swift in Sources */,
				FAA68BCB1DECFECF000FB313 /* PersistencyManager.swift in Sources */,
			);
			runOnlyForDeploymentPostprocessing = 0;
		};
		FAF533CE1DA604EC00BBE2C7 /* Sources */ = {
			isa = PBXSourcesBuildPhase;
			buildActionMask = 2147483647;
			files = (
				FAF533D71DA604EC00BBE2C7 /* PLANiTTests.swift in Sources */,
			);
			runOnlyForDeploymentPostprocessing = 0;
		};
		FAF533D91DA604EC00BBE2C7 /* Sources */ = {
			isa = PBXSourcesBuildPhase;
			buildActionMask = 2147483647;
			files = (
				FAF533E21DA604EC00BBE2C7 /* PLANiTUITests.swift in Sources */,
			);
			runOnlyForDeploymentPostprocessing = 0;
		};
/* End PBXSourcesBuildPhase section */

/* Begin PBXTargetDependency section */
		FAF533D41DA604EC00BBE2C7 /* PBXTargetDependency */ = {
			isa = PBXTargetDependency;
			target = FAF533BD1DA604EC00BBE2C7 /* PLANiT */;
			targetProxy = FAF533D31DA604EC00BBE2C7 /* PBXContainerItemProxy */;
		};
		FAF533DF1DA604EC00BBE2C7 /* PBXTargetDependency */ = {
			isa = PBXTargetDependency;
			target = FAF533BD1DA604EC00BBE2C7 /* PLANiT */;
			targetProxy = FAF533DE1DA604EC00BBE2C7 /* PBXContainerItemProxy */;
		};
/* End PBXTargetDependency section */

/* Begin PBXVariantGroup section */
		FAF533C51DA604EC00BBE2C7 /* Main.storyboard */ = {
			isa = PBXVariantGroup;
			children = (
				FAF533C61DA604EC00BBE2C7 /* Base */,
			);
			name = Main.storyboard;
			sourceTree = "<group>";
		};
		FAF533CA1DA604EC00BBE2C7 /* LaunchScreen.storyboard */ = {
			isa = PBXVariantGroup;
			children = (
				FAF533CB1DA604EC00BBE2C7 /* Base */,
			);
			name = LaunchScreen.storyboard;
			sourceTree = "<group>";
		};
/* End PBXVariantGroup section */

/* Begin XCBuildConfiguration section */
		FAF533E41DA604EC00BBE2C7 /* Debug */ = {
			isa = XCBuildConfiguration;
			buildSettings = {
				ALWAYS_SEARCH_USER_PATHS = NO;
				CLANG_ANALYZER_NONNULL = YES;
				CLANG_CXX_LANGUAGE_STANDARD = "gnu++0x";
				CLANG_CXX_LIBRARY = "libc++";
				CLANG_ENABLE_MODULES = YES;
				CLANG_ENABLE_OBJC_ARC = YES;
				CLANG_WARN_BOOL_CONVERSION = YES;
				CLANG_WARN_CONSTANT_CONVERSION = YES;
				CLANG_WARN_DIRECT_OBJC_ISA_USAGE = YES_ERROR;
				CLANG_WARN_DOCUMENTATION_COMMENTS = YES;
				CLANG_WARN_EMPTY_BODY = YES;
				CLANG_WARN_ENUM_CONVERSION = YES;
				CLANG_WARN_INFINITE_RECURSION = YES;
				CLANG_WARN_INT_CONVERSION = YES;
				CLANG_WARN_OBJC_ROOT_CLASS = YES_ERROR;
				CLANG_WARN_SUSPICIOUS_MOVE = YES;
				CLANG_WARN_SUSPICIOUS_MOVES = YES;
				CLANG_WARN_UNREACHABLE_CODE = YES;
				CLANG_WARN__DUPLICATE_METHOD_MATCH = YES;
				"CODE_SIGN_IDENTITY[sdk=iphoneos*]" = "iPhone Developer";
				COPY_PHASE_STRIP = NO;
				DEBUG_INFORMATION_FORMAT = dwarf;
				ENABLE_STRICT_OBJC_MSGSEND = YES;
				ENABLE_TESTABILITY = YES;
				GCC_C_LANGUAGE_STANDARD = gnu99;
				GCC_DYNAMIC_NO_PIC = NO;
				GCC_NO_COMMON_BLOCKS = YES;
				GCC_OPTIMIZATION_LEVEL = 0;
				GCC_PREPROCESSOR_DEFINITIONS = (
					"DEBUG=1",
					"$(inherited)",
				);
				GCC_WARN_64_TO_32_BIT_CONVERSION = YES;
				GCC_WARN_ABOUT_RETURN_TYPE = YES_ERROR;
				GCC_WARN_UNDECLARED_SELECTOR = YES;
				GCC_WARN_UNINITIALIZED_AUTOS = YES_AGGRESSIVE;
				GCC_WARN_UNUSED_FUNCTION = YES;
				GCC_WARN_UNUSED_VARIABLE = YES;
				IPHONEOS_DEPLOYMENT_TARGET = 10.0;
				MTL_ENABLE_DEBUG_INFO = YES;
				ONLY_ACTIVE_ARCH = YES;
				SDKROOT = iphoneos;
				SWIFT_ACTIVE_COMPILATION_CONDITIONS = DEBUG;
				SWIFT_OPTIMIZATION_LEVEL = "-Onone";
				TARGETED_DEVICE_FAMILY = "1,2";
			};
			name = Debug;
		};
		FAF533E51DA604EC00BBE2C7 /* Release */ = {
			isa = XCBuildConfiguration;
			buildSettings = {
				ALWAYS_SEARCH_USER_PATHS = NO;
				CLANG_ANALYZER_NONNULL = YES;
				CLANG_CXX_LANGUAGE_STANDARD = "gnu++0x";
				CLANG_CXX_LIBRARY = "libc++";
				CLANG_ENABLE_MODULES = YES;
				CLANG_ENABLE_OBJC_ARC = YES;
				CLANG_WARN_BOOL_CONVERSION = YES;
				CLANG_WARN_CONSTANT_CONVERSION = YES;
				CLANG_WARN_DIRECT_OBJC_ISA_USAGE = YES_ERROR;
				CLANG_WARN_DOCUMENTATION_COMMENTS = YES;
				CLANG_WARN_EMPTY_BODY = YES;
				CLANG_WARN_ENUM_CONVERSION = YES;
				CLANG_WARN_INFINITE_RECURSION = YES;
				CLANG_WARN_INT_CONVERSION = YES;
				CLANG_WARN_OBJC_ROOT_CLASS = YES_ERROR;
				CLANG_WARN_SUSPICIOUS_MOVE = YES;
				CLANG_WARN_SUSPICIOUS_MOVES = YES;
				CLANG_WARN_UNREACHABLE_CODE = YES;
				CLANG_WARN__DUPLICATE_METHOD_MATCH = YES;
				"CODE_SIGN_IDENTITY[sdk=iphoneos*]" = "iPhone Developer";
				COPY_PHASE_STRIP = NO;
				DEBUG_INFORMATION_FORMAT = "dwarf-with-dsym";
				ENABLE_NS_ASSERTIONS = NO;
				ENABLE_STRICT_OBJC_MSGSEND = YES;
				GCC_C_LANGUAGE_STANDARD = gnu99;
				GCC_NO_COMMON_BLOCKS = YES;
				GCC_WARN_64_TO_32_BIT_CONVERSION = YES;
				GCC_WARN_ABOUT_RETURN_TYPE = YES_ERROR;
				GCC_WARN_UNDECLARED_SELECTOR = YES;
				GCC_WARN_UNINITIALIZED_AUTOS = YES_AGGRESSIVE;
				GCC_WARN_UNUSED_FUNCTION = YES;
				GCC_WARN_UNUSED_VARIABLE = YES;
				IPHONEOS_DEPLOYMENT_TARGET = 10.0;
				MTL_ENABLE_DEBUG_INFO = NO;
				SDKROOT = iphoneos;
				SWIFT_OPTIMIZATION_LEVEL = "-Owholemodule";
				TARGETED_DEVICE_FAMILY = "1,2";
				VALIDATE_PRODUCT = YES;
			};
			name = Release;
		};
		FAF533E71DA604EC00BBE2C7 /* Debug */ = {
			isa = XCBuildConfiguration;
			buildSettings = {
				ASSETCATALOG_COMPILER_APPICON_NAME = AppIcon;
				INFOPLIST_FILE = PLANiT/Info.plist;
				LD_RUNPATH_SEARCH_PATHS = "$(inherited) @executable_path/Frameworks";
				PRODUCT_BUNDLE_IDENTIFIER = com.example.PLANiT;
				PRODUCT_NAME = "$(TARGET_NAME)";
				SWIFT_VERSION = 3.0;
			};
			name = Debug;
		};
		FAF533E81DA604EC00BBE2C7 /* Release */ = {
			isa = XCBuildConfiguration;
			buildSettings = {
				ASSETCATALOG_COMPILER_APPICON_NAME = AppIcon;
				INFOPLIST_FILE = PLANiT/Info.plist;
				LD_RUNPATH_SEARCH_PATHS = "$(inherited) @executable_path/Frameworks";
				PRODUCT_BUNDLE_IDENTIFIER = com.example.PLANiT;
				PRODUCT_NAME = "$(TARGET_NAME)";
				SWIFT_VERSION = 3.0;
			};
			name = Release;
		};
		FAF533EA1DA604EC00BBE2C7 /* Debug */ = {
			isa = XCBuildConfiguration;
			buildSettings = {
				ALWAYS_EMBED_SWIFT_STANDARD_LIBRARIES = YES;
				BUNDLE_LOADER = "$(TEST_HOST)";
				INFOPLIST_FILE = PLANiTTests/Info.plist;
				LD_RUNPATH_SEARCH_PATHS = "$(inherited) @executable_path/Frameworks @loader_path/Frameworks";
				PRODUCT_BUNDLE_IDENTIFIER = com.example.PLANiTTests;
				PRODUCT_NAME = "$(TARGET_NAME)";
				SWIFT_VERSION = 3.0;
				TEST_HOST = "$(BUILT_PRODUCTS_DIR)/PLANiT.app/PLANiT";
			};
			name = Debug;
		};
		FAF533EB1DA604EC00BBE2C7 /* Release */ = {
			isa = XCBuildConfiguration;
			buildSettings = {
				ALWAYS_EMBED_SWIFT_STANDARD_LIBRARIES = YES;
				BUNDLE_LOADER = "$(TEST_HOST)";
				INFOPLIST_FILE = PLANiTTests/Info.plist;
				LD_RUNPATH_SEARCH_PATHS = "$(inherited) @executable_path/Frameworks @loader_path/Frameworks";
				PRODUCT_BUNDLE_IDENTIFIER = com.example.PLANiTTests;
				PRODUCT_NAME = "$(TARGET_NAME)";
				SWIFT_VERSION = 3.0;
				TEST_HOST = "$(BUILT_PRODUCTS_DIR)/PLANiT.app/PLANiT";
			};
			name = Release;
		};
		FAF533ED1DA604EC00BBE2C7 /* Debug */ = {
			isa = XCBuildConfiguration;
			buildSettings = {
				ALWAYS_EMBED_SWIFT_STANDARD_LIBRARIES = YES;
				INFOPLIST_FILE = PLANiTUITests/Info.plist;
				LD_RUNPATH_SEARCH_PATHS = "$(inherited) @executable_path/Frameworks @loader_path/Frameworks";
				PRODUCT_BUNDLE_IDENTIFIER = com.example.PLANiTUITests;
				PRODUCT_NAME = "$(TARGET_NAME)";
				SWIFT_VERSION = 3.0;
				TEST_TARGET_NAME = PLANiT;
			};
			name = Debug;
		};
		FAF533EE1DA604EC00BBE2C7 /* Release */ = {
			isa = XCBuildConfiguration;
			buildSettings = {
				ALWAYS_EMBED_SWIFT_STANDARD_LIBRARIES = YES;
				INFOPLIST_FILE = PLANiTUITests/Info.plist;
				LD_RUNPATH_SEARCH_PATHS = "$(inherited) @executable_path/Frameworks @loader_path/Frameworks";
				PRODUCT_BUNDLE_IDENTIFIER = com.example.PLANiTUITests;
				PRODUCT_NAME = "$(TARGET_NAME)";
				SWIFT_VERSION = 3.0;
				TEST_TARGET_NAME = PLANiT;
			};
			name = Release;
		};
/* End XCBuildConfiguration section */

/* Begin XCConfigurationList section */
		FAF533B91DA604EC00BBE2C7 /* Build configuration list for PBXProject "PLANiT" */ = {
			isa = XCConfigurationList;
			buildConfigurations = (
				FAF533E41DA604EC00BBE2C7 /* Debug */,
				FAF533E51DA604EC00BBE2C7 /* Release */,
			);
			defaultConfigurationIsVisible = 0;
			defaultConfigurationName = Release;
		};
		FAF533E61DA604EC00BBE2C7 /* Build configuration list for PBXNativeTarget "PLANiT" */ = {
			isa = XCConfigurationList;
			buildConfigurations = (
				FAF533E71DA604EC00BBE2C7 /* Debug */,
				FAF533E81DA604EC00BBE2C7 /* Release */,
			);
			defaultConfigurationIsVisible = 0;
			defaultConfigurationName = Release;
		};
		FAF533E91DA604EC00BBE2C7 /* Build configuration list for PBXNativeTarget "PLANiTTests" */ = {
			isa = XCConfigurationList;
			buildConfigurations = (
				FAF533EA1DA604EC00BBE2C7 /* Debug */,
				FAF533EB1DA604EC00BBE2C7 /* Release */,
			);
			defaultConfigurationIsVisible = 0;
			defaultConfigurationName = Release;
		};
		FAF533EC1DA604EC00BBE2C7 /* Build configuration list for PBXNativeTarget "PLANiTUITests" */ = {
			isa = XCConfigurationList;
			buildConfigurations = (
				FAF533ED1DA604EC00BBE2C7 /* Debug */,
				FAF533EE1DA604EC00BBE2C7 /* Release */,
			);
			defaultConfigurationIsVisible = 0;
			defaultConfigurationName = Release;
		};
/* End XCConfigurationList section */
	};
	rootObject = FAF533B61DA604EC00BBE2C7 /* Project object */;
}
